// !$*UTF8*$!
{
	archiveVersion = 1;
	classes = {
	};
	objectVersion = 46;
	objects = {

/* Begin PBXBuildFile section */
		3011AB3517E52D1E00B45374 /* UIKit.framework in Frameworks */ = {isa = PBXBuildFile; fileRef = 3011AB3417E52D1E00B45374 /* UIKit.framework */; };
		3011AB3717E52D1E00B45374 /* Foundation.framework in Frameworks */ = {isa = PBXBuildFile; fileRef = 3011AB3617E52D1E00B45374 /* Foundation.framework */; };
		3011AB3917E52D1E00B45374 /* CoreGraphics.framework in Frameworks */ = {isa = PBXBuildFile; fileRef = 3011AB3817E52D1E00B45374 /* CoreGraphics.framework */; };
		3011AB3F17E52D1E00B45374 /* InfoPlist.strings in Resources */ = {isa = PBXBuildFile; fileRef = 3011AB3D17E52D1E00B45374 /* InfoPlist.strings */; };
		3011AB4117E52D1E00B45374 /* main.m in Sources */ = {isa = PBXBuildFile; fileRef = 3011AB4017E52D1E00B45374 /* main.m */; };
		3011AB4517E52D1E00B45374 /* AppDelegate.m in Sources */ = {isa = PBXBuildFile; fileRef = 3011AB4417E52D1E00B45374 /* AppDelegate.m */; };
		3011AB4717E52D1E00B45374 /* Default.png in Resources */ = {isa = PBXBuildFile; fileRef = 3011AB4617E52D1E00B45374 /* Default.png */; };
		3011AB4917E52D1E00B45374 /* Default@2x.png in Resources */ = {isa = PBXBuildFile; fileRef = 3011AB4817E52D1E00B45374 /* Default@2x.png */; };
		3011AB4B17E52D1E00B45374 /* Default-568h@2x.png in Resources */ = {isa = PBXBuildFile; fileRef = 3011AB4A17E52D1E00B45374 /* Default-568h@2x.png */; };
		3011AB5317E52D1E00B45374 /* SenTestingKit.framework in Frameworks */ = {isa = PBXBuildFile; fileRef = 3011AB5217E52D1E00B45374 /* SenTestingKit.framework */; };
		3011AB5417E52D1E00B45374 /* UIKit.framework in Frameworks */ = {isa = PBXBuildFile; fileRef = 3011AB3417E52D1E00B45374 /* UIKit.framework */; };
		3011AB5517E52D1E00B45374 /* Foundation.framework in Frameworks */ = {isa = PBXBuildFile; fileRef = 3011AB3617E52D1E00B45374 /* Foundation.framework */; };
		3011AB5D17E52D1E00B45374 /* InfoPlist.strings in Resources */ = {isa = PBXBuildFile; fileRef = 3011AB5B17E52D1E00B45374 /* InfoPlist.strings */; };
		3011AB6017E52D1E00B45374 /* NetwarsTests.m in Sources */ = {isa = PBXBuildFile; fileRef = 3011AB5F17E52D1E00B45374 /* NetwarsTests.m */; };
		3011AB9B17E533DF00B45374 /* AFHTTPClient.m in Sources */ = {isa = PBXBuildFile; fileRef = 3011AB8917E533DF00B45374 /* AFHTTPClient.m */; };
		3011AB9C17E533DF00B45374 /* AFHTTPRequestOperation.m in Sources */ = {isa = PBXBuildFile; fileRef = 3011AB8B17E533DF00B45374 /* AFHTTPRequestOperation.m */; };
		3011AB9D17E533DF00B45374 /* AFImageRequestOperation.m in Sources */ = {isa = PBXBuildFile; fileRef = 3011AB8D17E533DF00B45374 /* AFImageRequestOperation.m */; };
		3011AB9E17E533DF00B45374 /* AFJSONRequestOperation.m in Sources */ = {isa = PBXBuildFile; fileRef = 3011AB8F17E533DF00B45374 /* AFJSONRequestOperation.m */; };
		3011AB9F17E533DF00B45374 /* AFNetworkActivityIndicatorManager.m in Sources */ = {isa = PBXBuildFile; fileRef = 3011AB9117E533DF00B45374 /* AFNetworkActivityIndicatorManager.m */; };
		3011ABA017E533DF00B45374 /* AFPropertyListRequestOperation.m in Sources */ = {isa = PBXBuildFile; fileRef = 3011AB9417E533DF00B45374 /* AFPropertyListRequestOperation.m */; };
		3011ABA117E533DF00B45374 /* AFURLConnectionOperation.m in Sources */ = {isa = PBXBuildFile; fileRef = 3011AB9617E533DF00B45374 /* AFURLConnectionOperation.m */; };
		3011ABA217E533DF00B45374 /* AFXMLRequestOperation.m in Sources */ = {isa = PBXBuildFile; fileRef = 3011AB9817E533DF00B45374 /* AFXMLRequestOperation.m */; };
		3011ABA317E533DF00B45374 /* UIImageView+AFNetworking.m in Sources */ = {isa = PBXBuildFile; fileRef = 3011AB9A17E533DF00B45374 /* UIImageView+AFNetworking.m */; };
		3011ABAA17E545B200B45374 /* AFNetClient.m in Sources */ = {isa = PBXBuildFile; fileRef = 3011ABA917E545B200B45374 /* AFNetClient.m */; };
		3011ABAD17E54DF600B45374 /* LoginViewController.m in Sources */ = {isa = PBXBuildFile; fileRef = 3011ABAC17E54DF600B45374 /* LoginViewController.m */; };
		3011ABB617E5626000B45374 /* DAKeyboardControl.m in Sources */ = {isa = PBXBuildFile; fileRef = 3011ABB517E5626000B45374 /* DAKeyboardControl.m */; };
		3011ABBB17E5A4DE00B45374 /* LoginInputCell.xib in Resources */ = {isa = PBXBuildFile; fileRef = 3011ABBA17E5A4DE00B45374 /* LoginInputCell.xib */; };
		3011ABC117E5AB6A00B45374 /* MobileCoreServices.framework in Frameworks */ = {isa = PBXBuildFile; fileRef = 3011ABC017E5AB6A00B45374 /* MobileCoreServices.framework */; };
		3011ABC317E5AB7400B45374 /* SystemConfiguration.framework in Frameworks */ = {isa = PBXBuildFile; fileRef = 3011ABC217E5AB7400B45374 /* SystemConfiguration.framework */; settings = {ATTRIBUTES = (Required, ); }; };
		3011ABC517E5AEA000B45374 /* Security.framework in Frameworks */ = {isa = PBXBuildFile; fileRef = 3011ABC417E5AEA000B45374 /* Security.framework */; };
		306B8DEF17E817DE00F7C24D /* Player.m in Sources */ = {isa = PBXBuildFile; fileRef = 306B8DEE17E817DE00F7C24D /* Player.m */; };
		306B8DF217E86B5500F7C24D /* LoginInputCell.m in Sources */ = {isa = PBXBuildFile; fileRef = 306B8DF117E86B5500F7C24D /* LoginInputCell.m */; };
/* End PBXBuildFile section */

/* Begin PBXContainerItemProxy section */
		3011AB5617E52D1E00B45374 /* PBXContainerItemProxy */ = {
			isa = PBXContainerItemProxy;
			containerPortal = 3011AB2917E52D1E00B45374 /* Project object */;
			proxyType = 1;
			remoteGlobalIDString = 3011AB3017E52D1E00B45374;
			remoteInfo = Netwars;
		};
/* End PBXContainerItemProxy section */

/* Begin PBXFileReference section */
		3011AB3117E52D1E00B45374 /* Netwars.app */ = {isa = PBXFileReference; explicitFileType = wrapper.application; includeInIndex = 0; path = Netwars.app; sourceTree = BUILT_PRODUCTS_DIR; };
		3011AB3417E52D1E00B45374 /* UIKit.framework */ = {isa = PBXFileReference; lastKnownFileType = wrapper.framework; name = UIKit.framework; path = System/Library/Frameworks/UIKit.framework; sourceTree = SDKROOT; };
		3011AB3617E52D1E00B45374 /* Foundation.framework */ = {isa = PBXFileReference; lastKnownFileType = wrapper.framework; name = Foundation.framework; path = System/Library/Frameworks/Foundation.framework; sourceTree = SDKROOT; };
		3011AB3817E52D1E00B45374 /* CoreGraphics.framework */ = {isa = PBXFileReference; lastKnownFileType = wrapper.framework; name = CoreGraphics.framework; path = System/Library/Frameworks/CoreGraphics.framework; sourceTree = SDKROOT; };
		3011AB3C17E52D1E00B45374 /* Netwars-Info.plist */ = {isa = PBXFileReference; lastKnownFileType = text.plist.xml; path = "Netwars-Info.plist"; sourceTree = "<group>"; };
		3011AB3E17E52D1E00B45374 /* en */ = {isa = PBXFileReference; lastKnownFileType = text.plist.strings; name = en; path = en.lproj/InfoPlist.strings; sourceTree = "<group>"; };
		3011AB4017E52D1E00B45374 /* main.m */ = {isa = PBXFileReference; lastKnownFileType = sourcecode.c.objc; path = main.m; sourceTree = "<group>"; };
		3011AB4217E52D1E00B45374 /* Netwars-Prefix.pch */ = {isa = PBXFileReference; lastKnownFileType = sourcecode.c.h; path = "Netwars-Prefix.pch"; sourceTree = "<group>"; };
		3011AB4317E52D1E00B45374 /* AppDelegate.h */ = {isa = PBXFileReference; lastKnownFileType = sourcecode.c.h; path = AppDelegate.h; sourceTree = "<group>"; };
		3011AB4417E52D1E00B45374 /* AppDelegate.m */ = {isa = PBXFileReference; lastKnownFileType = sourcecode.c.objc; path = AppDelegate.m; sourceTree = "<group>"; };
		3011AB4617E52D1E00B45374 /* Default.png */ = {isa = PBXFileReference; lastKnownFileType = image.png; path = Default.png; sourceTree = "<group>"; };
		3011AB4817E52D1E00B45374 /* Default@2x.png */ = {isa = PBXFileReference; lastKnownFileType = image.png; path = "Default@2x.png"; sourceTree = "<group>"; };
		3011AB4A17E52D1E00B45374 /* Default-568h@2x.png */ = {isa = PBXFileReference; lastKnownFileType = image.png; path = "Default-568h@2x.png"; sourceTree = "<group>"; };
		3011AB5117E52D1E00B45374 /* NetwarsTests.octest */ = {isa = PBXFileReference; explicitFileType = wrapper.cfbundle; includeInIndex = 0; path = NetwarsTests.octest; sourceTree = BUILT_PRODUCTS_DIR; };
		3011AB5217E52D1E00B45374 /* SenTestingKit.framework */ = {isa = PBXFileReference; lastKnownFileType = wrapper.framework; name = SenTestingKit.framework; path = Library/Frameworks/SenTestingKit.framework; sourceTree = DEVELOPER_DIR; };
		3011AB5A17E52D1E00B45374 /* NetwarsTests-Info.plist */ = {isa = PBXFileReference; lastKnownFileType = text.plist.xml; path = "NetwarsTests-Info.plist"; sourceTree = "<group>"; };
		3011AB5C17E52D1E00B45374 /* en */ = {isa = PBXFileReference; lastKnownFileType = text.plist.strings; name = en; path = en.lproj/InfoPlist.strings; sourceTree = "<group>"; };
		3011AB5E17E52D1E00B45374 /* NetwarsTests.h */ = {isa = PBXFileReference; lastKnownFileType = sourcecode.c.h; path = NetwarsTests.h; sourceTree = "<group>"; };
		3011AB5F17E52D1E00B45374 /* NetwarsTests.m */ = {isa = PBXFileReference; lastKnownFileType = sourcecode.c.objc; path = NetwarsTests.m; sourceTree = "<group>"; };
		3011AB8817E533DF00B45374 /* AFHTTPClient.h */ = {isa = PBXFileReference; fileEncoding = 4; lastKnownFileType = sourcecode.c.h; path = AFHTTPClient.h; sourceTree = "<group>"; };
		3011AB8917E533DF00B45374 /* AFHTTPClient.m */ = {isa = PBXFileReference; fileEncoding = 4; lastKnownFileType = sourcecode.c.objc; path = AFHTTPClient.m; sourceTree = "<group>"; };
		3011AB8A17E533DF00B45374 /* AFHTTPRequestOperation.h */ = {isa = PBXFileReference; fileEncoding = 4; lastKnownFileType = sourcecode.c.h; path = AFHTTPRequestOperation.h; sourceTree = "<group>"; };
		3011AB8B17E533DF00B45374 /* AFHTTPRequestOperation.m */ = {isa = PBXFileReference; fileEncoding = 4; lastKnownFileType = sourcecode.c.objc; path = AFHTTPRequestOperation.m; sourceTree = "<group>"; };
		3011AB8C17E533DF00B45374 /* AFImageRequestOperation.h */ = {isa = PBXFileReference; fileEncoding = 4; lastKnownFileType = sourcecode.c.h; path = AFImageRequestOperation.h; sourceTree = "<group>"; };
		3011AB8D17E533DF00B45374 /* AFImageRequestOperation.m */ = {isa = PBXFileReference; fileEncoding = 4; lastKnownFileType = sourcecode.c.objc; path = AFImageRequestOperation.m; sourceTree = "<group>"; };
		3011AB8E17E533DF00B45374 /* AFJSONRequestOperation.h */ = {isa = PBXFileReference; fileEncoding = 4; lastKnownFileType = sourcecode.c.h; path = AFJSONRequestOperation.h; sourceTree = "<group>"; };
		3011AB8F17E533DF00B45374 /* AFJSONRequestOperation.m */ = {isa = PBXFileReference; fileEncoding = 4; lastKnownFileType = sourcecode.c.objc; path = AFJSONRequestOperation.m; sourceTree = "<group>"; };
		3011AB9017E533DF00B45374 /* AFNetworkActivityIndicatorManager.h */ = {isa = PBXFileReference; fileEncoding = 4; lastKnownFileType = sourcecode.c.h; path = AFNetworkActivityIndicatorManager.h; sourceTree = "<group>"; };
		3011AB9117E533DF00B45374 /* AFNetworkActivityIndicatorManager.m */ = {isa = PBXFileReference; fileEncoding = 4; lastKnownFileType = sourcecode.c.objc; path = AFNetworkActivityIndicatorManager.m; sourceTree = "<group>"; };
		3011AB9217E533DF00B45374 /* AFNetworking.h */ = {isa = PBXFileReference; fileEncoding = 4; lastKnownFileType = sourcecode.c.h; path = AFNetworking.h; sourceTree = "<group>"; };
		3011AB9317E533DF00B45374 /* AFPropertyListRequestOperation.h */ = {isa = PBXFileReference; fileEncoding = 4; lastKnownFileType = sourcecode.c.h; path = AFPropertyListRequestOperation.h; sourceTree = "<group>"; };
		3011AB9417E533DF00B45374 /* AFPropertyListRequestOperation.m */ = {isa = PBXFileReference; fileEncoding = 4; lastKnownFileType = sourcecode.c.objc; path = AFPropertyListRequestOperation.m; sourceTree = "<group>"; };
		3011AB9517E533DF00B45374 /* AFURLConnectionOperation.h */ = {isa = PBXFileReference; fileEncoding = 4; lastKnownFileType = sourcecode.c.h; path = AFURLConnectionOperation.h; sourceTree = "<group>"; };
		3011AB9617E533DF00B45374 /* AFURLConnectionOperation.m */ = {isa = PBXFileReference; fileEncoding = 4; lastKnownFileType = sourcecode.c.objc; path = AFURLConnectionOperation.m; sourceTree = "<group>"; };
		3011AB9717E533DF00B45374 /* AFXMLRequestOperation.h */ = {isa = PBXFileReference; fileEncoding = 4; lastKnownFileType = sourcecode.c.h; path = AFXMLRequestOperation.h; sourceTree = "<group>"; };
		3011AB9817E533DF00B45374 /* AFXMLRequestOperation.m */ = {isa = PBXFileReference; fileEncoding = 4; lastKnownFileType = sourcecode.c.objc; path = AFXMLRequestOperation.m; sourceTree = "<group>"; };
		3011AB9917E533DF00B45374 /* UIImageView+AFNetworking.h */ = {isa = PBXFileReference; fileEncoding = 4; lastKnownFileType = sourcecode.c.h; path = "UIImageView+AFNetworking.h"; sourceTree = "<group>"; };
		3011AB9A17E533DF00B45374 /* UIImageView+AFNetworking.m */ = {isa = PBXFileReference; fileEncoding = 4; lastKnownFileType = sourcecode.c.objc; path = "UIImageView+AFNetworking.m"; sourceTree = "<group>"; };
		3011ABA817E545B200B45374 /* AFNetClient.h */ = {isa = PBXFileReference; fileEncoding = 4; lastKnownFileType = sourcecode.c.h; path = AFNetClient.h; sourceTree = "<group>"; };
		3011ABA917E545B200B45374 /* AFNetClient.m */ = {isa = PBXFileReference; fileEncoding = 4; lastKnownFileType = sourcecode.c.objc; path = AFNetClient.m; sourceTree = "<group>"; };
		3011ABAB17E54DF600B45374 /* LoginViewController.h */ = {isa = PBXFileReference; fileEncoding = 4; lastKnownFileType = sourcecode.c.h; path = LoginViewController.h; sourceTree = "<group>"; };
		3011ABAC17E54DF600B45374 /* LoginViewController.m */ = {isa = PBXFileReference; fileEncoding = 4; lastKnownFileType = sourcecode.c.objc; path = LoginViewController.m; sourceTree = "<group>"; };
		3011ABB417E5626000B45374 /* DAKeyboardControl.h */ = {isa = PBXFileReference; fileEncoding = 4; lastKnownFileType = sourcecode.c.h; path = DAKeyboardControl.h; sourceTree = "<group>"; };
		3011ABB517E5626000B45374 /* DAKeyboardControl.m */ = {isa = PBXFileReference; fileEncoding = 4; lastKnownFileType = sourcecode.c.objc; path = DAKeyboardControl.m; sourceTree = "<group>"; };
		3011ABBA17E5A4DE00B45374 /* LoginInputCell.xib */ = {isa = PBXFileReference; fileEncoding = 4; lastKnownFileType = file.xib; path = LoginInputCell.xib; sourceTree = "<group>"; };
		3011ABC017E5AB6A00B45374 /* MobileCoreServices.framework */ = {isa = PBXFileReference; lastKnownFileType = wrapper.framework; name = MobileCoreServices.framework; path = System/Library/Frameworks/MobileCoreServices.framework; sourceTree = SDKROOT; };
		3011ABC217E5AB7400B45374 /* SystemConfiguration.framework */ = {isa = PBXFileReference; lastKnownFileType = wrapper.framework; name = SystemConfiguration.framework; path = System/Library/Frameworks/SystemConfiguration.framework; sourceTree = SDKROOT; };
		3011ABC417E5AEA000B45374 /* Security.framework */ = {isa = PBXFileReference; lastKnownFileType = wrapper.framework; name = Security.framework; path = System/Library/Frameworks/Security.framework; sourceTree = SDKROOT; };
		306B8DED17E817DE00F7C24D /* Player.h */ = {isa = PBXFileReference; fileEncoding = 4; lastKnownFileType = sourcecode.c.h; path = Player.h; sourceTree = "<group>"; };
		306B8DEE17E817DE00F7C24D /* Player.m */ = {isa = PBXFileReference; fileEncoding = 4; lastKnownFileType = sourcecode.c.objc; path = Player.m; sourceTree = "<group>"; };
		306B8DF017E86B5500F7C24D /* LoginInputCell.h */ = {isa = PBXFileReference; fileEncoding = 4; lastKnownFileType = sourcecode.c.h; path = LoginInputCell.h; sourceTree = "<group>"; };
		306B8DF117E86B5500F7C24D /* LoginInputCell.m */ = {isa = PBXFileReference; fileEncoding = 4; lastKnownFileType = sourcecode.c.objc; path = LoginInputCell.m; sourceTree = "<group>"; };
/* End PBXFileReference section */

/* Begin PBXFrameworksBuildPhase section */
		3011AB2E17E52D1E00B45374 /* Frameworks */ = {
			isa = PBXFrameworksBuildPhase;
			buildActionMask = 2147483647;
			files = (
				3011ABC517E5AEA000B45374 /* Security.framework in Frameworks */,
				3011ABC317E5AB7400B45374 /* SystemConfiguration.framework in Frameworks */,
				3011ABC117E5AB6A00B45374 /* MobileCoreServices.framework in Frameworks */,
				3011AB3517E52D1E00B45374 /* UIKit.framework in Frameworks */,
				3011AB3717E52D1E00B45374 /* Foundation.framework in Frameworks */,
				3011AB3917E52D1E00B45374 /* CoreGraphics.framework in Frameworks */,
			);
			runOnlyForDeploymentPostprocessing = 0;
		};
		3011AB4D17E52D1E00B45374 /* Frameworks */ = {
			isa = PBXFrameworksBuildPhase;
			buildActionMask = 2147483647;
			files = (
				3011AB5317E52D1E00B45374 /* SenTestingKit.framework in Frameworks */,
				3011AB5417E52D1E00B45374 /* UIKit.framework in Frameworks */,
				3011AB5517E52D1E00B45374 /* Foundation.framework in Frameworks */,
			);
			runOnlyForDeploymentPostprocessing = 0;
		};
/* End PBXFrameworksBuildPhase section */

/* Begin PBXGroup section */
		3011AB2817E52D1E00B45374 = {
			isa = PBXGroup;
			children = (
				3011ABA717E5415C00B45374 /* Networking */,
				3011AB8617E533CA00B45374 /* Vendor */,
				3011AB3A17E52D1E00B45374 /* Classes */,
				3011AB5817E52D1E00B45374 /* NetwarsTests */,
				3011AB3317E52D1E00B45374 /* Frameworks */,
				3011AB3217E52D1E00B45374 /* Products */,
			);
			sourceTree = "<group>";
		};
		3011AB3217E52D1E00B45374 /* Products */ = {
			isa = PBXGroup;
			children = (
				3011AB3117E52D1E00B45374 /* Netwars.app */,
				3011AB5117E52D1E00B45374 /* NetwarsTests.octest */,
			);
			name = Products;
			sourceTree = "<group>";
		};
		3011AB3317E52D1E00B45374 /* Frameworks */ = {
			isa = PBXGroup;
			children = (
				3011ABC417E5AEA000B45374 /* Security.framework */,
				3011ABC017E5AB6A00B45374 /* MobileCoreServices.framework */,
				3011ABC217E5AB7400B45374 /* SystemConfiguration.framework */,
				3011AB3417E52D1E00B45374 /* UIKit.framework */,
				3011AB3617E52D1E00B45374 /* Foundation.framework */,
				3011AB3817E52D1E00B45374 /* CoreGraphics.framework */,
				3011AB5217E52D1E00B45374 /* SenTestingKit.framework */,
			);
			name = Frameworks;
			sourceTree = "<group>";
		};
		3011AB3A17E52D1E00B45374 /* Classes */ = {
			isa = PBXGroup;
			children = (
				3011ABA617E5413000B45374 /* Views */,
				3011ABA517E5412500B45374 /* Controllers */,
				3011ABA417E5411800B45374 /* Models */,
				3011AB4317E52D1E00B45374 /* AppDelegate.h */,
				3011AB4417E52D1E00B45374 /* AppDelegate.m */,
				3011AB3B17E52D1E00B45374 /* Supporting Files */,
			);
			name = Classes;
			path = Netwars;
			sourceTree = "<group>";
		};
		3011AB3B17E52D1E00B45374 /* Supporting Files */ = {
			isa = PBXGroup;
			children = (
				3011AB3C17E52D1E00B45374 /* Netwars-Info.plist */,
				3011AB3D17E52D1E00B45374 /* InfoPlist.strings */,
				3011AB4017E52D1E00B45374 /* main.m */,
				3011AB4217E52D1E00B45374 /* Netwars-Prefix.pch */,
				3011AB4617E52D1E00B45374 /* Default.png */,
				3011AB4817E52D1E00B45374 /* Default@2x.png */,
				3011AB4A17E52D1E00B45374 /* Default-568h@2x.png */,
			);
			name = "Supporting Files";
			sourceTree = "<group>";
		};
		3011AB5817E52D1E00B45374 /* NetwarsTests */ = {
			isa = PBXGroup;
			children = (
				3011AB5E17E52D1E00B45374 /* NetwarsTests.h */,
				3011AB5F17E52D1E00B45374 /* NetwarsTests.m */,
				3011AB5917E52D1E00B45374 /* Supporting Files */,
			);
			path = NetwarsTests;
			sourceTree = "<group>";
		};
		3011AB5917E52D1E00B45374 /* Supporting Files */ = {
			isa = PBXGroup;
			children = (
				3011AB5A17E52D1E00B45374 /* NetwarsTests-Info.plist */,
				3011AB5B17E52D1E00B45374 /* InfoPlist.strings */,
			);
			name = "Supporting Files";
			sourceTree = "<group>";
		};
		3011AB8617E533CA00B45374 /* Vendor */ = {
			isa = PBXGroup;
			children = (
				3011ABB317E5626000B45374 /* DAKeyboardControl */,
				3011AB8717E533DF00B45374 /* AFNetworking */,
			);
			name = Vendor;
			sourceTree = "<group>";
		};
		3011AB8717E533DF00B45374 /* AFNetworking */ = {
			isa = PBXGroup;
			children = (
				3011AB8817E533DF00B45374 /* AFHTTPClient.h */,
				3011AB8917E533DF00B45374 /* AFHTTPClient.m */,
				3011AB8A17E533DF00B45374 /* AFHTTPRequestOperation.h */,
				3011AB8B17E533DF00B45374 /* AFHTTPRequestOperation.m */,
				3011AB8C17E533DF00B45374 /* AFImageRequestOperation.h */,
				3011AB8D17E533DF00B45374 /* AFImageRequestOperation.m */,
				3011AB8E17E533DF00B45374 /* AFJSONRequestOperation.h */,
				3011AB8F17E533DF00B45374 /* AFJSONRequestOperation.m */,
				3011AB9017E533DF00B45374 /* AFNetworkActivityIndicatorManager.h */,
				3011AB9117E533DF00B45374 /* AFNetworkActivityIndicatorManager.m */,
				3011AB9217E533DF00B45374 /* AFNetworking.h */,
				3011AB9317E533DF00B45374 /* AFPropertyListRequestOperation.h */,
				3011AB9417E533DF00B45374 /* AFPropertyListRequestOperation.m */,
				3011AB9517E533DF00B45374 /* AFURLConnectionOperation.h */,
				3011AB9617E533DF00B45374 /* AFURLConnectionOperation.m */,
				3011AB9717E533DF00B45374 /* AFXMLRequestOperation.h */,
				3011AB9817E533DF00B45374 /* AFXMLRequestOperation.m */,
				3011AB9917E533DF00B45374 /* UIImageView+AFNetworking.h */,
				3011AB9A17E533DF00B45374 /* UIImageView+AFNetworking.m */,
			);
			name = AFNetworking;
			path = ../AFNetworking/AFNetworking;
			sourceTree = "<group>";
		};
		3011ABA417E5411800B45374 /* Models */ = {
			isa = PBXGroup;
			children = (
				306B8DED17E817DE00F7C24D /* Player.h */,
				306B8DEE17E817DE00F7C24D /* Player.m */,
			);
			name = Models;
			sourceTree = "<group>";
		};
		3011ABA517E5412500B45374 /* Controllers */ = {
			isa = PBXGroup;
			children = (
				3011ABAB17E54DF600B45374 /* LoginViewController.h */,
				3011ABAC17E54DF600B45374 /* LoginViewController.m */,
			);
			name = Controllers;
			sourceTree = "<group>";
		};
		3011ABA617E5413000B45374 /* Views */ = {
			isa = PBXGroup;
			children = (
				3011ABBA17E5A4DE00B45374 /* LoginInputCell.xib */,
				306B8DF017E86B5500F7C24D /* LoginInputCell.h */,
				306B8DF117E86B5500F7C24D /* LoginInputCell.m */,
			);
			name = Views;
			sourceTree = "<group>";
		};
		3011ABA717E5415C00B45374 /* Networking */ = {
			isa = PBXGroup;
			children = (
				3011ABA817E545B200B45374 /* AFNetClient.h */,
				3011ABA917E545B200B45374 /* AFNetClient.m */,
			);
			name = Networking;
			sourceTree = "<group>";
		};
		3011ABB317E5626000B45374 /* DAKeyboardControl */ = {
			isa = PBXGroup;
			children = (
				3011ABB417E5626000B45374 /* DAKeyboardControl.h */,
				3011ABB517E5626000B45374 /* DAKeyboardControl.m */,
			);
			name = DAKeyboardControl;
			path = ../DAKeyboardControl/DAKeyboardControl;
			sourceTree = "<group>";
		};
/* End PBXGroup section */

/* Begin PBXNativeTarget section */
		3011AB3017E52D1E00B45374 /* Netwars */ = {
			isa = PBXNativeTarget;
			buildConfigurationList = 3011AB6317E52D1E00B45374 /* Build configuration list for PBXNativeTarget "Netwars" */;
			buildPhases = (
				3011AB2D17E52D1E00B45374 /* Sources */,
				3011AB2E17E52D1E00B45374 /* Frameworks */,
				3011AB2F17E52D1E00B45374 /* Resources */,
			);
			buildRules = (
			);
			dependencies = (
			);
			name = Netwars;
			productName = Netwars;
			productReference = 3011AB3117E52D1E00B45374 /* Netwars.app */;
			productType = "com.apple.product-type.application";
		};
		3011AB5017E52D1E00B45374 /* NetwarsTests */ = {
			isa = PBXNativeTarget;
			buildConfigurationList = 3011AB6617E52D1E00B45374 /* Build configuration list for PBXNativeTarget "NetwarsTests" */;
			buildPhases = (
				3011AB4C17E52D1E00B45374 /* Sources */,
				3011AB4D17E52D1E00B45374 /* Frameworks */,
				3011AB4E17E52D1E00B45374 /* Resources */,
				3011AB4F17E52D1E00B45374 /* ShellScript */,
			);
			buildRules = (
			);
			dependencies = (
				3011AB5717E52D1E00B45374 /* PBXTargetDependency */,
			);
			name = NetwarsTests;
			productName = NetwarsTests;
			productReference = 3011AB5117E52D1E00B45374 /* NetwarsTests.octest */;
			productType = "com.apple.product-type.bundle";
		};
/* End PBXNativeTarget section */

/* Begin PBXProject section */
		3011AB2917E52D1E00B45374 /* Project object */ = {
			isa = PBXProject;
			attributes = {
				LastUpgradeCheck = 0460;
				ORGANIZATIONNAME = mjolk;
			};
			buildConfigurationList = 3011AB2C17E52D1E00B45374 /* Build configuration list for PBXProject "Netwars" */;
			compatibilityVersion = "Xcode 3.2";
			developmentRegion = English;
			hasScannedForEncodings = 0;
			knownRegions = (
				en,
			);
			mainGroup = 3011AB2817E52D1E00B45374;
			productRefGroup = 3011AB3217E52D1E00B45374 /* Products */;
			projectDirPath = "";
			projectRoot = "";
			targets = (
				3011AB3017E52D1E00B45374 /* Netwars */,
				3011AB5017E52D1E00B45374 /* NetwarsTests */,
			);
		};
/* End PBXProject section */

/* Begin PBXResourcesBuildPhase section */
		3011AB2F17E52D1E00B45374 /* Resources */ = {
			isa = PBXResourcesBuildPhase;
			buildActionMask = 2147483647;
			files = (
				3011AB3F17E52D1E00B45374 /* InfoPlist.strings in Resources */,
				3011AB4717E52D1E00B45374 /* Default.png in Resources */,
				3011AB4917E52D1E00B45374 /* Default@2x.png in Resources */,
				3011AB4B17E52D1E00B45374 /* Default-568h@2x.png in Resources */,
				3011ABBB17E5A4DE00B45374 /* LoginInputCell.xib in Resources */,
			);
			runOnlyForDeploymentPostprocessing = 0;
		};
		3011AB4E17E52D1E00B45374 /* Resources */ = {
			isa = PBXResourcesBuildPhase;
			buildActionMask = 2147483647;
			files = (
				3011AB5D17E52D1E00B45374 /* InfoPlist.strings in Resources */,
			);
			runOnlyForDeploymentPostprocessing = 0;
		};
/* End PBXResourcesBuildPhase section */

/* Begin PBXShellScriptBuildPhase section */
		3011AB4F17E52D1E00B45374 /* ShellScript */ = {
			isa = PBXShellScriptBuildPhase;
			buildActionMask = 2147483647;
			files = (
			);
			inputPaths = (
			);
			outputPaths = (
			);
			runOnlyForDeploymentPostprocessing = 0;
			shellPath = /bin/sh;
			shellScript = "# Run the unit tests in this test bundle.\n\"${SYSTEM_DEVELOPER_DIR}/Tools/RunUnitTests\"\n";
		};
/* End PBXShellScriptBuildPhase section */

/* Begin PBXSourcesBuildPhase section */
		3011AB2D17E52D1E00B45374 /* Sources */ = {
			isa = PBXSourcesBuildPhase;
			buildActionMask = 2147483647;
			files = (
				3011AB4117E52D1E00B45374 /* main.m in Sources */,
				3011AB4517E52D1E00B45374 /* AppDelegate.m in Sources */,
				3011AB9B17E533DF00B45374 /* AFHTTPClient.m in Sources */,
				3011AB9C17E533DF00B45374 /* AFHTTPRequestOperation.m in Sources */,
				3011AB9D17E533DF00B45374 /* AFImageRequestOperation.m in Sources */,
				3011AB9E17E533DF00B45374 /* AFJSONRequestOperation.m in Sources */,
				3011AB9F17E533DF00B45374 /* AFNetworkActivityIndicatorManager.m in Sources */,
				3011ABA017E533DF00B45374 /* AFPropertyListRequestOperation.m in Sources */,
				3011ABA117E533DF00B45374 /* AFURLConnectionOperation.m in Sources */,
				3011ABA217E533DF00B45374 /* AFXMLRequestOperation.m in Sources */,
				3011ABA317E533DF00B45374 /* UIImageView+AFNetworking.m in Sources */,
				3011ABAA17E545B200B45374 /* AFNetClient.m in Sources */,
				3011ABAD17E54DF600B45374 /* LoginViewController.m in Sources */,
				3011ABB617E5626000B45374 /* DAKeyboardControl.m in Sources */,
				306B8DEF17E817DE00F7C24D /* Player.m in Sources */,
				306B8DF217E86B5500F7C24D /* LoginInputCell.m in Sources */,
			);
			runOnlyForDeploymentPostprocessing = 0;
		};
		3011AB4C17E52D1E00B45374 /* Sources */ = {
			isa = PBXSourcesBuildPhase;
			buildActionMask = 2147483647;
			files = (
				3011AB6017E52D1E00B45374 /* NetwarsTests.m in Sources */,
			);
			runOnlyForDeploymentPostprocessing = 0;
		};
/* End PBXSourcesBuildPhase section */

/* Begin PBXTargetDependency section */
		3011AB5717E52D1E00B45374 /* PBXTargetDependency */ = {
			isa = PBXTargetDependency;
			target = 3011AB3017E52D1E00B45374 /* Netwars */;
			targetProxy = 3011AB5617E52D1E00B45374 /* PBXContainerItemProxy */;
		};
/* End PBXTargetDependency section */

/* Begin PBXVariantGroup section */
		3011AB3D17E52D1E00B45374 /* InfoPlist.strings */ = {
			isa = PBXVariantGroup;
			children = (
				3011AB3E17E52D1E00B45374 /* en */,
			);
			name = InfoPlist.strings;
			sourceTree = "<group>";
		};
		3011AB5B17E52D1E00B45374 /* InfoPlist.strings */ = {
			isa = PBXVariantGroup;
			children = (
				3011AB5C17E52D1E00B45374 /* en */,
			);
			name = InfoPlist.strings;
			sourceTree = "<group>";
		};
/* End PBXVariantGroup section */

/* Begin XCBuildConfiguration section */
		3011AB6117E52D1E00B45374 /* Debug */ = {
			isa = XCBuildConfiguration;
			buildSettings = {
				ALWAYS_SEARCH_USER_PATHS = NO;
				CLANG_CXX_LANGUAGE_STANDARD = "gnu++0x";
				CLANG_CXX_LIBRARY = "libc++";
				CLANG_ENABLE_OBJC_ARC = YES;
				CLANG_WARN_CONSTANT_CONVERSION = YES;
				CLANG_WARN_EMPTY_BODY = YES;
				CLANG_WARN_ENUM_CONVERSION = YES;
				CLANG_WARN_INT_CONVERSION = YES;
				CLANG_WARN__DUPLICATE_METHOD_MATCH = YES;
				"CODE_SIGN_IDENTITY[sdk=iphoneos*]" = "iPhone Developer";
				COPY_PHASE_STRIP = NO;
				GCC_C_LANGUAGE_STANDARD = gnu99;
				GCC_DYNAMIC_NO_PIC = NO;
				GCC_OPTIMIZATION_LEVEL = 0;
				GCC_PREPROCESSOR_DEFINITIONS = (
					"DEBUG=1",
					"$(inherited)",
				);
				GCC_SYMBOLS_PRIVATE_EXTERN = NO;
				GCC_WARN_ABOUT_RETURN_TYPE = YES;
				GCC_WARN_UNINITIALIZED_AUTOS = YES;
				GCC_WARN_UNUSED_VARIABLE = YES;
				IPHONEOS_DEPLOYMENT_TARGET = 6.1;
				ONLY_ACTIVE_ARCH = YES;
				SDKROOT = iphoneos;
			};
			name = Debug;
		};
		3011AB6217E52D1E00B45374 /* Release */ = {
			isa = XCBuildConfiguration;
			buildSettings = {
				ALWAYS_SEARCH_USER_PATHS = NO;
				CLANG_CXX_LANGUAGE_STANDARD = "gnu++0x";
				CLANG_CXX_LIBRARY = "libc++";
				CLANG_ENABLE_OBJC_ARC = YES;
				CLANG_WARN_CONSTANT_CONVERSION = YES;
				CLANG_WARN_EMPTY_BODY = YES;
				CLANG_WARN_ENUM_CONVERSION = YES;
				CLANG_WARN_INT_CONVERSION = YES;
				CLANG_WARN__DUPLICATE_METHOD_MATCH = YES;
				"CODE_SIGN_IDENTITY[sdk=iphoneos*]" = "iPhone Developer";
				COPY_PHASE_STRIP = YES;
				GCC_C_LANGUAGE_STANDARD = gnu99;
				GCC_WARN_ABOUT_RETURN_TYPE = YES;
				GCC_WARN_UNINITIALIZED_AUTOS = YES;
				GCC_WARN_UNUSED_VARIABLE = YES;
				IPHONEOS_DEPLOYMENT_TARGET = 6.1;
				OTHER_CFLAGS = "-DNS_BLOCK_ASSERTIONS=1";
				SDKROOT = iphoneos;
				VALIDATE_PRODUCT = YES;
			};
			name = Release;
		};
		3011AB6417E52D1E00B45374 /* Debug */ = {
			isa = XCBuildConfiguration;
			buildSettings = {
				GCC_PRECOMPILE_PREFIX_HEADER = YES;
				GCC_PREFIX_HEADER = "Netwars/Netwars-Prefix.pch";
				INFOPLIST_FILE = "Netwars/Netwars-Info.plist";
				PRODUCT_NAME = "$(TARGET_NAME)";
				WRAPPER_EXTENSION = app;
			};
			name = Debug;
		};
		3011AB6517E52D1E00B45374 /* Release */ = {
			isa = XCBuildConfiguration;
			buildSettings = {
				GCC_PRECOMPILE_PREFIX_HEADER = YES;
				GCC_PREFIX_HEADER = "Netwars/Netwars-Prefix.pch";
				INFOPLIST_FILE = "Netwars/Netwars-Info.plist";
				PRODUCT_NAME = "$(TARGET_NAME)";
				WRAPPER_EXTENSION = app;
			};
			name = Release;
		};
		3011AB6717E52D1E00B45374 /* Debug */ = {
			isa = XCBuildConfiguration;
			buildSettings = {
				BUNDLE_LOADER = "$(BUILT_PRODUCTS_DIR)/Netwars.app/Netwars";
				FRAMEWORK_SEARCH_PATHS = (
					"\"$(SDKROOT)/Developer/Library/Frameworks\"",
					"\"$(DEVELOPER_LIBRARY_DIR)/Frameworks\"",
				);
				GCC_PRECOMPILE_PREFIX_HEADER = YES;
				GCC_PREFIX_HEADER = "Netwars/Netwars-Prefix.pch";
				INFOPLIST_FILE = "NetwarsTests/NetwarsTests-Info.plist";
				PRODUCT_NAME = "$(TARGET_NAME)";
				TEST_HOST = "$(BUNDLE_LOADER)";
				WRAPPER_EXTENSION = octest;
			};
			name = Debug;
		};
		3011AB6817E52D1E00B45374 /* Release */ = {
			isa = XCBuildConfiguration;
			buildSettings = {
				BUNDLE_LOADER = "$(BUILT_PRODUCTS_DIR)/Netwars.app/Netwars";
				FRAMEWORK_SEARCH_PATHS = (
					"\"$(SDKROOT)/Developer/Library/Frameworks\"",
					"\"$(DEVELOPER_LIBRARY_DIR)/Frameworks\"",
				);
				GCC_PRECOMPILE_PREFIX_HEADER = YES;
				GCC_PREFIX_HEADER = "Netwars/Netwars-Prefix.pch";
				INFOPLIST_FILE = "NetwarsTests/NetwarsTests-Info.plist";
				PRODUCT_NAME = "$(TARGET_NAME)";
				TEST_HOST = "$(BUNDLE_LOADER)";
				WRAPPER_EXTENSION = octest;
			};
			name = Release;
		};
/* End XCBuildConfiguration section */

/* Begin XCConfigurationList section */
		3011AB2C17E52D1E00B45374 /* Build configuration list for PBXProject "Netwars" */ = {
			isa = XCConfigurationList;
			buildConfigurations = (
				3011AB6117E52D1E00B45374 /* Debug */,
				3011AB6217E52D1E00B45374 /* Release */,
			);
			defaultConfigurationIsVisible = 0;
			defaultConfigurationName = Release;
		};
		3011AB6317E52D1E00B45374 /* Build configuration list for PBXNativeTarget "Netwars" */ = {
			isa = XCConfigurationList;
			buildConfigurations = (
				3011AB6417E52D1E00B45374 /* Debug */,
				3011AB6517E52D1E00B45374 /* Release */,
			);
			defaultConfigurationIsVisible = 0;
			defaultConfigurationName = Release;
		};
		3011AB6617E52D1E00B45374 /* Build configuration list for PBXNativeTarget "NetwarsTests" */ = {
			isa = XCConfigurationList;
			buildConfigurations = (
				3011AB6717E52D1E00B45374 /* Debug */,
				3011AB6817E52D1E00B45374 /* Release */,
			);
			defaultConfigurationIsVisible = 0;
			defaultConfigurationName = Release;
		};
/* End XCConfigurationList section */
	};
	rootObject = 3011AB2917E52D1E00B45374 /* Project object */;
}
