// !$*UTF8*$!
{
	archiveVersion = 1;
	classes = {
	};
	objectVersion = 46;
	objects = {

/* Begin PBXBuildFile section */
		061BCA0C17EFDD81000B6F59 /* cyclesicon_16.png in Resources */ = {isa = PBXBuildFile; fileRef = 061BCA0B17EFDD81000B6F59 /* cyclesicon_16.png */; };
		061BCA0E17EFDF68000B6F59 /* bandwidthattackinout_16.png in Resources */ = {isa = PBXBuildFile; fileRef = 061BCA0D17EFDF68000B6F59 /* bandwidthattackinout_16.png */; };
		061BCA1017EFE0FF000B6F59 /* bandwidthattackinout_white.png in Resources */ = {isa = PBXBuildFile; fileRef = 061BCA0F17EFE0FF000B6F59 /* bandwidthattackinout_white.png */; };
		061BCA1317EFE78E000B6F59 /* memoryinout_white.png in Resources */ = {isa = PBXBuildFile; fileRef = 061BCA1117EFE78E000B6F59 /* memoryinout_white.png */; };
		061BCA1417EFE78E000B6F59 /* bandwidthattackin_white.png in Resources */ = {isa = PBXBuildFile; fileRef = 061BCA1217EFE78E000B6F59 /* bandwidthattackin_white.png */; };
		061BCA1717EFEFB8000B6F59 /* EffectorView.m in Sources */ = {isa = PBXBuildFile; fileRef = 061BCA1617EFEFB8000B6F59 /* EffectorView.m */; };
		061BCA1A17F035FA000B6F59 /* ResourceCell.m in Sources */ = {isa = PBXBuildFile; fileRef = 061BCA1917F035FA000B6F59 /* ResourceCell.m */; };
		061BCA1D17F1B966000B6F59 /* ProgramInfoCell.m in Sources */ = {isa = PBXBuildFile; fileRef = 061BCA1C17F1B965000B6F59 /* ProgramInfoCell.m */; };
		0655ACD917F3A3C400B960C6 /* SliderCell.m in Sources */ = {isa = PBXBuildFile; fileRef = 0655ACD817F3A3C400B960C6 /* SliderCell.m */; };
		065E8CE617E99172004D2276 /* StateController.m in Sources */ = {isa = PBXBuildFile; fileRef = 065E8CE517E99172004D2276 /* StateController.m */; };
		065E8CEE17E992F8004D2276 /* DACircularProgressView.m in Sources */ = {isa = PBXBuildFile; fileRef = 065E8CED17E992F8004D2276 /* DACircularProgressView.m */; };
		065E8CF117E9AFEB004D2276 /* HUDCell.m in Sources */ = {isa = PBXBuildFile; fileRef = 065E8CF017E9AFEB004D2276 /* HUDCell.m */; };
		06AC8B0C17F4262600FD7A1A /* thumb_46@2x.png in Resources */ = {isa = PBXBuildFile; fileRef = 06AC8B0B17F4262600FD7A1A /* thumb_46@2x.png */; };
		06AC8B0E17F4263D00FD7A1A /* track_46@2x.png in Resources */ = {isa = PBXBuildFile; fileRef = 06AC8B0D17F4263D00FD7A1A /* track_46@2x.png */; };
		06AC8B1117F6DEEA00FD7A1A /* PgHeader.m in Sources */ = {isa = PBXBuildFile; fileRef = 06AC8B1017F6DEEA00FD7A1A /* PgHeader.m */; };
		06CFF5FB17E8E87200E5F6EB /* DAKeyboardControl.m in Sources */ = {isa = PBXBuildFile; fileRef = 06CFF5FA17E8E87200E5F6EB /* DAKeyboardControl.m */; };
		06DED8A417EC41A60067EAC5 /* memory.png in Resources */ = {isa = PBXBuildFile; fileRef = 06DED8A317EC41A60067EAC5 /* memory.png */; };
		06DED8A617EC47910067EAC5 /* memory_22.png in Resources */ = {isa = PBXBuildFile; fileRef = 06DED8A517EC47910067EAC5 /* memory_22.png */; };
		06DED8A817EC51310067EAC5 /* cyclesicon_22.png in Resources */ = {isa = PBXBuildFile; fileRef = 06DED8A717EC51310067EAC5 /* cyclesicon_22.png */; };
		06DED8AA17EC53550067EAC5 /* activememory_22.png in Resources */ = {isa = PBXBuildFile; fileRef = 06DED8A917EC53550067EAC5 /* activememory_22.png */; };
		06DED8AC17EC54AB0067EAC5 /* bandwidth_22.png in Resources */ = {isa = PBXBuildFile; fileRef = 06DED8AB17EC54AB0067EAC5 /* bandwidth_22.png */; };
		06DED8B017EC8B040067EAC5 /* messages_44.png in Resources */ = {isa = PBXBuildFile; fileRef = 06DED8AD17EC8B040067EAC5 /* messages_44.png */; };
		06DED8B117EC8B040067EAC5 /* clan_44.png in Resources */ = {isa = PBXBuildFile; fileRef = 06DED8AE17EC8B040067EAC5 /* clan_44.png */; };
		06DED8B217EC8B040067EAC5 /* events_44.png in Resources */ = {isa = PBXBuildFile; fileRef = 06DED8AF17EC8B040067EAC5 /* events_44.png */; };
		06DED8B417EC9E9F0067EAC5 /* list_44.png in Resources */ = {isa = PBXBuildFile; fileRef = 06DED8B317EC9E9F0067EAC5 /* list_44.png */; };
		06DED8B717ECA5CB0067EAC5 /* NavCell.m in Sources */ = {isa = PBXBuildFile; fileRef = 06DED8B617ECA5CA0067EAC5 /* NavCell.m */; };
		06DED8B917ED36710067EAC5 /* programs_44.png in Resources */ = {isa = PBXBuildFile; fileRef = 06DED8B817ED36710067EAC5 /* programs_44.png */; };
		06DED8BC17ED4D5D0067EAC5 /* ProgramController.m in Sources */ = {isa = PBXBuildFile; fileRef = 06DED8BB17ED4D5D0067EAC5 /* ProgramController.m */; };
		06DED8BF17ED4D8B0067EAC5 /* Program.m in Sources */ = {isa = PBXBuildFile; fileRef = 06DED8BE17ED4D8B0067EAC5 /* Program.m */; };
		06DED8C217ED52500067EAC5 /* Profile.m in Sources */ = {isa = PBXBuildFile; fileRef = 06DED8C117ED52500067EAC5 /* Profile.m */; };
		06DED8C517ED64BD0067EAC5 /* ProgramCell.m in Sources */ = {isa = PBXBuildFile; fileRef = 06DED8C417ED64BD0067EAC5 /* ProgramCell.m */; };
		06DED8C817ED9FDE0067EAC5 /* AllocController.m in Sources */ = {isa = PBXBuildFile; fileRef = 06DED8C717ED9FDE0067EAC5 /* AllocController.m */; };
		06DED8CF17EE650F0067EAC5 /* memoryinout.png in Resources */ = {isa = PBXBuildFile; fileRef = 06DED8C917EE650D0067EAC5 /* memoryinout.png */; };
		06DED8D017EE650F0067EAC5 /* memoryout.png in Resources */ = {isa = PBXBuildFile; fileRef = 06DED8CA17EE650D0067EAC5 /* memoryout.png */; };
		06DED8D117EE650F0067EAC5 /* memoryin.png in Resources */ = {isa = PBXBuildFile; fileRef = 06DED8CB17EE650E0067EAC5 /* memoryin.png */; };
		06DED8D217EE650F0067EAC5 /* bandwidthattackin.png in Resources */ = {isa = PBXBuildFile; fileRef = 06DED8CC17EE650E0067EAC5 /* bandwidthattackin.png */; };
		06DED8D317EE650F0067EAC5 /* bandwidthattackinout.png in Resources */ = {isa = PBXBuildFile; fileRef = 06DED8CD17EE650E0067EAC5 /* bandwidthattackinout.png */; };
		06DED8D417EE650F0067EAC5 /* bandwidthattackout.png in Resources */ = {isa = PBXBuildFile; fileRef = 06DED8CE17EE650F0067EAC5 /* bandwidthattackout.png */; };
		06DED8D617EE6B250067EAC5 /* programgroupimg.plist in Resources */ = {isa = PBXBuildFile; fileRef = 06DED8D517EE6B250067EAC5 /* programgroupimg.plist */; };
		06FAFFE917F1F2B3005E2362 /* bandwidthattackin_white@2x.png in Resources */ = {isa = PBXBuildFile; fileRef = 06FAFFDC17F1F2B3005E2362 /* bandwidthattackin_white@2x.png */; };
		06FAFFEA17F1F2B3005E2362 /* bandwidthattackinout_white@2x.png in Resources */ = {isa = PBXBuildFile; fileRef = 06FAFFDD17F1F2B3005E2362 /* bandwidthattackinout_white@2x.png */; };
		06FAFFEB17F1F2B3005E2362 /* memoryin_white@2x.png in Resources */ = {isa = PBXBuildFile; fileRef = 06FAFFDE17F1F2B3005E2362 /* memoryin_white@2x.png */; };
		06FAFFEC17F1F2B3005E2362 /* messages_44@2x.png in Resources */ = {isa = PBXBuildFile; fileRef = 06FAFFDF17F1F2B3005E2362 /* messages_44@2x.png */; };
		06FAFFED17F1F2B3005E2362 /* list_44@2x.png in Resources */ = {isa = PBXBuildFile; fileRef = 06FAFFE017F1F2B3005E2362 /* list_44@2x.png */; };
		06FAFFEE17F1F2B3005E2362 /* programs_44@2x.png in Resources */ = {isa = PBXBuildFile; fileRef = 06FAFFE117F1F2B3005E2362 /* programs_44@2x.png */; };
		06FAFFEF17F1F2B3005E2362 /* events_44@2x.png in Resources */ = {isa = PBXBuildFile; fileRef = 06FAFFE217F1F2B3005E2362 /* events_44@2x.png */; };
		06FAFFF017F1F2B3005E2362 /* bandwidthattackin@2x.png in Resources */ = {isa = PBXBuildFile; fileRef = 06FAFFE317F1F2B3005E2362 /* bandwidthattackin@2x.png */; };
		06FAFFF117F1F2B3005E2362 /* memoryinout_white@2x.png in Resources */ = {isa = PBXBuildFile; fileRef = 06FAFFE417F1F2B3005E2362 /* memoryinout_white@2x.png */; };
		06FAFFF217F1F2B3005E2362 /* memory_22@2x.png in Resources */ = {isa = PBXBuildFile; fileRef = 06FAFFE517F1F2B3005E2362 /* memory_22@2x.png */; };
		06FAFFF317F1F2B3005E2362 /* activememory_22@2x.png in Resources */ = {isa = PBXBuildFile; fileRef = 06FAFFE617F1F2B3005E2362 /* activememory_22@2x.png */; };
		06FAFFF417F1F2B3005E2362 /* bandwidth_22@2x.png in Resources */ = {isa = PBXBuildFile; fileRef = 06FAFFE717F1F2B3005E2362 /* bandwidth_22@2x.png */; };
		06FAFFF517F1F2B3005E2362 /* cyclesicon_22@2x.png in Resources */ = {isa = PBXBuildFile; fileRef = 06FAFFE817F1F2B3005E2362 /* cyclesicon_22@2x.png */; };
		06FEE46C17E9B948001BDAE7 /* UIView+AutoLayout.m in Sources */ = {isa = PBXBuildFile; fileRef = 06FEE46B17E9B948001BDAE7 /* UIView+AutoLayout.m */; };
		06FEE46E17E9DD52001BDAE7 /* QuartzCore.framework in Frameworks */ = {isa = PBXBuildFile; fileRef = 06FEE46D17E9DD52001BDAE7 /* QuartzCore.framework */; };
		3011AB3517E52D1E00B45374 /* UIKit.framework in Frameworks */ = {isa = PBXBuildFile; fileRef = 3011AB3417E52D1E00B45374 /* UIKit.framework */; };
		3011AB3717E52D1E00B45374 /* Foundation.framework in Frameworks */ = {isa = PBXBuildFile; fileRef = 3011AB3617E52D1E00B45374 /* Foundation.framework */; };
		3011AB3917E52D1E00B45374 /* CoreGraphics.framework in Frameworks */ = {isa = PBXBuildFile; fileRef = 3011AB3817E52D1E00B45374 /* CoreGraphics.framework */; };
		3011AB3F17E52D1E00B45374 /* InfoPlist.strings in Resources */ = {isa = PBXBuildFile; fileRef = 3011AB3D17E52D1E00B45374 /* InfoPlist.strings */; };
		3011AB4117E52D1E00B45374 /* main.m in Sources */ = {isa = PBXBuildFile; fileRef = 3011AB4017E52D1E00B45374 /* main.m */; };
		3011AB4517E52D1E00B45374 /* AppDelegate.m in Sources */ = {isa = PBXBuildFile; fileRef = 3011AB4417E52D1E00B45374 /* AppDelegate.m */; };
		3011AB4717E52D1E00B45374 /* Default.png in Resources */ = {isa = PBXBuildFile; fileRef = 3011AB4617E52D1E00B45374 /* Default.png */; };
		3011AB4917E52D1E00B45374 /* Default@2x.png in Resources */ = {isa = PBXBuildFile; fileRef = 3011AB4817E52D1E00B45374 /* Default@2x.png */; };
		3011AB4B17E52D1E00B45374 /* Default-568h@2x.png in Resources */ = {isa = PBXBuildFile; fileRef = 3011AB4A17E52D1E00B45374 /* Default-568h@2x.png */; };
		3011AB5317E52D1E00B45374 /* SenTestingKit.framework in Frameworks */ = {isa = PBXBuildFile; fileRef = 3011AB5217E52D1E00B45374 /* SenTestingKit.framework */; };
		3011AB5417E52D1E00B45374 /* UIKit.framework in Frameworks */ = {isa = PBXBuildFile; fileRef = 3011AB3417E52D1E00B45374 /* UIKit.framework */; };
		3011AB5517E52D1E00B45374 /* Foundation.framework in Frameworks */ = {isa = PBXBuildFile; fileRef = 3011AB3617E52D1E00B45374 /* Foundation.framework */; };
		3011AB5D17E52D1E00B45374 /* InfoPlist.strings in Resources */ = {isa = PBXBuildFile; fileRef = 3011AB5B17E52D1E00B45374 /* InfoPlist.strings */; };
		3011AB6017E52D1E00B45374 /* NetwarsTests.m in Sources */ = {isa = PBXBuildFile; fileRef = 3011AB5F17E52D1E00B45374 /* NetwarsTests.m */; };
		3011AB9B17E533DF00B45374 /* AFHTTPClient.m in Sources */ = {isa = PBXBuildFile; fileRef = 3011AB8917E533DF00B45374 /* AFHTTPClient.m */; };
		3011AB9C17E533DF00B45374 /* AFHTTPRequestOperation.m in Sources */ = {isa = PBXBuildFile; fileRef = 3011AB8B17E533DF00B45374 /* AFHTTPRequestOperation.m */; };
		3011AB9D17E533DF00B45374 /* AFImageRequestOperation.m in Sources */ = {isa = PBXBuildFile; fileRef = 3011AB8D17E533DF00B45374 /* AFImageRequestOperation.m */; };
		3011AB9E17E533DF00B45374 /* AFJSONRequestOperation.m in Sources */ = {isa = PBXBuildFile; fileRef = 3011AB8F17E533DF00B45374 /* AFJSONRequestOperation.m */; };
		3011AB9F17E533DF00B45374 /* AFNetworkActivityIndicatorManager.m in Sources */ = {isa = PBXBuildFile; fileRef = 3011AB9117E533DF00B45374 /* AFNetworkActivityIndicatorManager.m */; };
		3011ABA017E533DF00B45374 /* AFPropertyListRequestOperation.m in Sources */ = {isa = PBXBuildFile; fileRef = 3011AB9417E533DF00B45374 /* AFPropertyListRequestOperation.m */; };
		3011ABA117E533DF00B45374 /* AFURLConnectionOperation.m in Sources */ = {isa = PBXBuildFile; fileRef = 3011AB9617E533DF00B45374 /* AFURLConnectionOperation.m */; };
		3011ABA217E533DF00B45374 /* AFXMLRequestOperation.m in Sources */ = {isa = PBXBuildFile; fileRef = 3011AB9817E533DF00B45374 /* AFXMLRequestOperation.m */; };
		3011ABA317E533DF00B45374 /* UIImageView+AFNetworking.m in Sources */ = {isa = PBXBuildFile; fileRef = 3011AB9A17E533DF00B45374 /* UIImageView+AFNetworking.m */; };
		3011ABAA17E545B200B45374 /* AFNetClient.m in Sources */ = {isa = PBXBuildFile; fileRef = 3011ABA917E545B200B45374 /* AFNetClient.m */; };
		3011ABAD17E54DF600B45374 /* LoginController.m in Sources */ = {isa = PBXBuildFile; fileRef = 3011ABAC17E54DF600B45374 /* LoginController.m */; };
		3011ABBB17E5A4DE00B45374 /* LoginInputCell.xib in Resources */ = {isa = PBXBuildFile; fileRef = 3011ABBA17E5A4DE00B45374 /* LoginInputCell.xib */; };
		3011ABC117E5AB6A00B45374 /* MobileCoreServices.framework in Frameworks */ = {isa = PBXBuildFile; fileRef = 3011ABC017E5AB6A00B45374 /* MobileCoreServices.framework */; };
		3011ABC317E5AB7400B45374 /* SystemConfiguration.framework in Frameworks */ = {isa = PBXBuildFile; fileRef = 3011ABC217E5AB7400B45374 /* SystemConfiguration.framework */; settings = {ATTRIBUTES = (Required, ); }; };
		3011ABC517E5AEA000B45374 /* Security.framework in Frameworks */ = {isa = PBXBuildFile; fileRef = 3011ABC417E5AEA000B45374 /* Security.framework */; };
		306B8DEF17E817DE00F7C24D /* Player.m in Sources */ = {isa = PBXBuildFile; fileRef = 306B8DEE17E817DE00F7C24D /* Player.m */; };
		306B8DF217E86B5500F7C24D /* LoginInputCell.m in Sources */ = {isa = PBXBuildFile; fileRef = 306B8DF117E86B5500F7C24D /* LoginInputCell.m */; };
/* End PBXBuildFile section */

/* Begin PBXContainerItemProxy section */
		3011AB5617E52D1E00B45374 /* PBXContainerItemProxy */ = {
			isa = PBXContainerItemProxy;
			containerPortal = 3011AB2917E52D1E00B45374 /* Project object */;
			proxyType = 1;
			remoteGlobalIDString = 3011AB3017E52D1E00B45374;
			remoteInfo = Netwars;
		};
/* End PBXContainerItemProxy section */

/* Begin PBXFileReference section */
		061BCA0B17EFDD81000B6F59 /* cyclesicon_16.png */ = {isa = PBXFileReference; lastKnownFileType = image.png; path = cyclesicon_16.png; sourceTree = "<group>"; };
		061BCA0D17EFDF68000B6F59 /* bandwidthattackinout_16.png */ = {isa = PBXFileReference; lastKnownFileType = image.png; path = bandwidthattackinout_16.png; sourceTree = "<group>"; };
		061BCA0F17EFE0FF000B6F59 /* bandwidthattackinout_white.png */ = {isa = PBXFileReference; lastKnownFileType = image.png; path = bandwidthattackinout_white.png; sourceTree = "<group>"; };
		061BCA1117EFE78E000B6F59 /* memoryinout_white.png */ = {isa = PBXFileReference; lastKnownFileType = image.png; path = memoryinout_white.png; sourceTree = "<group>"; };
		061BCA1217EFE78E000B6F59 /* bandwidthattackin_white.png */ = {isa = PBXFileReference; lastKnownFileType = image.png; path = bandwidthattackin_white.png; sourceTree = "<group>"; };
		061BCA1517EFEFB8000B6F59 /* EffectorView.h */ = {isa = PBXFileReference; fileEncoding = 4; lastKnownFileType = sourcecode.c.h; path = EffectorView.h; sourceTree = "<group>"; };
		061BCA1617EFEFB8000B6F59 /* EffectorView.m */ = {isa = PBXFileReference; fileEncoding = 4; lastKnownFileType = sourcecode.c.objc; path = EffectorView.m; sourceTree = "<group>"; };
		061BCA1817F035FA000B6F59 /* ResourceCell.h */ = {isa = PBXFileReference; fileEncoding = 4; lastKnownFileType = sourcecode.c.h; path = ResourceCell.h; sourceTree = "<group>"; };
		061BCA1917F035FA000B6F59 /* ResourceCell.m */ = {isa = PBXFileReference; fileEncoding = 4; lastKnownFileType = sourcecode.c.objc; path = ResourceCell.m; sourceTree = "<group>"; };
		061BCA1B17F1B965000B6F59 /* ProgramInfoCell.h */ = {isa = PBXFileReference; fileEncoding = 4; lastKnownFileType = sourcecode.c.h; path = ProgramInfoCell.h; sourceTree = "<group>"; };
		061BCA1C17F1B965000B6F59 /* ProgramInfoCell.m */ = {isa = PBXFileReference; fileEncoding = 4; lastKnownFileType = sourcecode.c.objc; path = ProgramInfoCell.m; sourceTree = "<group>"; };
		0655ACD717F3A3C400B960C6 /* SliderCell.h */ = {isa = PBXFileReference; fileEncoding = 4; lastKnownFileType = sourcecode.c.h; path = SliderCell.h; sourceTree = "<group>"; };
		0655ACD817F3A3C400B960C6 /* SliderCell.m */ = {isa = PBXFileReference; fileEncoding = 4; lastKnownFileType = sourcecode.c.objc; path = SliderCell.m; sourceTree = "<group>"; };
		065E8CE417E99172004D2276 /* StateController.h */ = {isa = PBXFileReference; fileEncoding = 4; lastKnownFileType = sourcecode.c.h; path = StateController.h; sourceTree = "<group>"; };
		065E8CE517E99172004D2276 /* StateController.m */ = {isa = PBXFileReference; fileEncoding = 4; lastKnownFileType = sourcecode.c.objc; path = StateController.m; sourceTree = "<group>"; };
		065E8CEC17E992F8004D2276 /* DACircularProgressView.h */ = {isa = PBXFileReference; fileEncoding = 4; lastKnownFileType = sourcecode.c.h; path = DACircularProgressView.h; sourceTree = "<group>"; };
		065E8CED17E992F8004D2276 /* DACircularProgressView.m */ = {isa = PBXFileReference; fileEncoding = 4; lastKnownFileType = sourcecode.c.objc; path = DACircularProgressView.m; sourceTree = "<group>"; };
		065E8CEF17E9AFEB004D2276 /* HUDCell.h */ = {isa = PBXFileReference; fileEncoding = 4; lastKnownFileType = sourcecode.c.h; path = HUDCell.h; sourceTree = "<group>"; };
		065E8CF017E9AFEB004D2276 /* HUDCell.m */ = {isa = PBXFileReference; fileEncoding = 4; lastKnownFileType = sourcecode.c.objc; path = HUDCell.m; sourceTree = "<group>"; };
		06AC8B0B17F4262600FD7A1A /* thumb_46@2x.png */ = {isa = PBXFileReference; lastKnownFileType = image.png; path = "thumb_46@2x.png"; sourceTree = "<group>"; };
		06AC8B0D17F4263D00FD7A1A /* track_46@2x.png */ = {isa = PBXFileReference; lastKnownFileType = image.png; path = "track_46@2x.png"; sourceTree = "<group>"; };
		06AC8B0F17F6DEEA00FD7A1A /* PgHeader.h */ = {isa = PBXFileReference; fileEncoding = 4; lastKnownFileType = sourcecode.c.h; path = PgHeader.h; sourceTree = "<group>"; };
		06AC8B1017F6DEEA00FD7A1A /* PgHeader.m */ = {isa = PBXFileReference; fileEncoding = 4; lastKnownFileType = sourcecode.c.objc; path = PgHeader.m; sourceTree = "<group>"; };
		06CFF5F917E8E87200E5F6EB /* DAKeyboardControl.h */ = {isa = PBXFileReference; fileEncoding = 4; lastKnownFileType = sourcecode.c.h; path = DAKeyboardControl.h; sourceTree = "<group>"; };
		06CFF5FA17E8E87200E5F6EB /* DAKeyboardControl.m */ = {isa = PBXFileReference; fileEncoding = 4; lastKnownFileType = sourcecode.c.objc; path = DAKeyboardControl.m; sourceTree = "<group>"; };
		06DED8A317EC41A60067EAC5 /* memory.png */ = {isa = PBXFileReference; lastKnownFileType = image.png; path = memory.png; sourceTree = "<group>"; };
		06DED8A517EC47910067EAC5 /* memory_22.png */ = {isa = PBXFileReference; lastKnownFileType = image.png; path = memory_22.png; sourceTree = "<group>"; };
		06DED8A717EC51310067EAC5 /* cyclesicon_22.png */ = {isa = PBXFileReference; lastKnownFileType = image.png; path = cyclesicon_22.png; sourceTree = "<group>"; };
		06DED8A917EC53550067EAC5 /* activememory_22.png */ = {isa = PBXFileReference; lastKnownFileType = image.png; path = activememory_22.png; sourceTree = "<group>"; };
		06DED8AB17EC54AB0067EAC5 /* bandwidth_22.png */ = {isa = PBXFileReference; lastKnownFileType = image.png; path = bandwidth_22.png; sourceTree = "<group>"; };
		06DED8AD17EC8B040067EAC5 /* messages_44.png */ = {isa = PBXFileReference; lastKnownFileType = image.png; path = messages_44.png; sourceTree = "<group>"; };
		06DED8AE17EC8B040067EAC5 /* clan_44.png */ = {isa = PBXFileReference; lastKnownFileType = image.png; path = clan_44.png; sourceTree = "<group>"; };
		06DED8AF17EC8B040067EAC5 /* events_44.png */ = {isa = PBXFileReference; lastKnownFileType = image.png; path = events_44.png; sourceTree = "<group>"; };
		06DED8B317EC9E9F0067EAC5 /* list_44.png */ = {isa = PBXFileReference; lastKnownFileType = image.png; path = list_44.png; sourceTree = "<group>"; };
		06DED8B517ECA5CA0067EAC5 /* NavCell.h */ = {isa = PBXFileReference; fileEncoding = 4; lastKnownFileType = sourcecode.c.h; path = NavCell.h; sourceTree = "<group>"; };
		06DED8B617ECA5CA0067EAC5 /* NavCell.m */ = {isa = PBXFileReference; fileEncoding = 4; lastKnownFileType = sourcecode.c.objc; path = NavCell.m; sourceTree = "<group>"; };
		06DED8B817ED36710067EAC5 /* programs_44.png */ = {isa = PBXFileReference; lastKnownFileType = image.png; path = programs_44.png; sourceTree = "<group>"; };
		06DED8BA17ED4D5D0067EAC5 /* ProgramController.h */ = {isa = PBXFileReference; fileEncoding = 4; lastKnownFileType = sourcecode.c.h; path = ProgramController.h; sourceTree = "<group>"; };
		06DED8BB17ED4D5D0067EAC5 /* ProgramController.m */ = {isa = PBXFileReference; fileEncoding = 4; lastKnownFileType = sourcecode.c.objc; path = ProgramController.m; sourceTree = "<group>"; };
		06DED8BD17ED4D8B0067EAC5 /* Program.h */ = {isa = PBXFileReference; fileEncoding = 4; lastKnownFileType = sourcecode.c.h; path = Program.h; sourceTree = "<group>"; };
		06DED8BE17ED4D8B0067EAC5 /* Program.m */ = {isa = PBXFileReference; fileEncoding = 4; lastKnownFileType = sourcecode.c.objc; path = Program.m; sourceTree = "<group>"; };
		06DED8C017ED52500067EAC5 /* Profile.h */ = {isa = PBXFileReference; fileEncoding = 4; lastKnownFileType = sourcecode.c.h; path = Profile.h; sourceTree = "<group>"; };
		06DED8C117ED52500067EAC5 /* Profile.m */ = {isa = PBXFileReference; fileEncoding = 4; lastKnownFileType = sourcecode.c.objc; path = Profile.m; sourceTree = "<group>"; };
		06DED8C317ED64BD0067EAC5 /* ProgramCell.h */ = {isa = PBXFileReference; fileEncoding = 4; lastKnownFileType = sourcecode.c.h; path = ProgramCell.h; sourceTree = "<group>"; };
		06DED8C417ED64BD0067EAC5 /* ProgramCell.m */ = {isa = PBXFileReference; fileEncoding = 4; lastKnownFileType = sourcecode.c.objc; path = ProgramCell.m; sourceTree = "<group>"; };
		06DED8C617ED9FDE0067EAC5 /* AllocController.h */ = {isa = PBXFileReference; fileEncoding = 4; lastKnownFileType = sourcecode.c.h; path = AllocController.h; sourceTree = "<group>"; };
		06DED8C717ED9FDE0067EAC5 /* AllocController.m */ = {isa = PBXFileReference; fileEncoding = 4; lastKnownFileType = sourcecode.c.objc; path = AllocController.m; sourceTree = "<group>"; };
		06DED8C917EE650D0067EAC5 /* memoryinout.png */ = {isa = PBXFileReference; lastKnownFileType = image.png; path = memoryinout.png; sourceTree = "<group>"; };
		06DED8CA17EE650D0067EAC5 /* memoryout.png */ = {isa = PBXFileReference; lastKnownFileType = image.png; path = memoryout.png; sourceTree = "<group>"; };
		06DED8CB17EE650E0067EAC5 /* memoryin.png */ = {isa = PBXFileReference; lastKnownFileType = image.png; path = memoryin.png; sourceTree = "<group>"; };
		06DED8CC17EE650E0067EAC5 /* bandwidthattackin.png */ = {isa = PBXFileReference; lastKnownFileType = image.png; path = bandwidthattackin.png; sourceTree = "<group>"; };
		06DED8CD17EE650E0067EAC5 /* bandwidthattackinout.png */ = {isa = PBXFileReference; lastKnownFileType = image.png; path = bandwidthattackinout.png; sourceTree = "<group>"; };
		06DED8CE17EE650F0067EAC5 /* bandwidthattackout.png */ = {isa = PBXFileReference; lastKnownFileType = image.png; path = bandwidthattackout.png; sourceTree = "<group>"; };
		06DED8D517EE6B250067EAC5 /* programgroupimg.plist */ = {isa = PBXFileReference; fileEncoding = 4; lastKnownFileType = text.plist.xml; path = programgroupimg.plist; sourceTree = "<group>"; };
		06FAFFDC17F1F2B3005E2362 /* bandwidthattackin_white@2x.png */ = {isa = PBXFileReference; lastKnownFileType = image.png; path = "bandwidthattackin_white@2x.png"; sourceTree = "<group>"; };
		06FAFFDD17F1F2B3005E2362 /* bandwidthattackinout_white@2x.png */ = {isa = PBXFileReference; lastKnownFileType = image.png; path = "bandwidthattackinout_white@2x.png"; sourceTree = "<group>"; };
		06FAFFDE17F1F2B3005E2362 /* memoryin_white@2x.png */ = {isa = PBXFileReference; lastKnownFileType = image.png; path = "memoryin_white@2x.png"; sourceTree = "<group>"; };
		06FAFFDF17F1F2B3005E2362 /* messages_44@2x.png */ = {isa = PBXFileReference; lastKnownFileType = image.png; path = "messages_44@2x.png"; sourceTree = "<group>"; };
		06FAFFE017F1F2B3005E2362 /* list_44@2x.png */ = {isa = PBXFileReference; lastKnownFileType = image.png; path = "list_44@2x.png"; sourceTree = "<group>"; };
		06FAFFE117F1F2B3005E2362 /* programs_44@2x.png */ = {isa = PBXFileReference; lastKnownFileType = image.png; path = "programs_44@2x.png"; sourceTree = "<group>"; };
		06FAFFE217F1F2B3005E2362 /* events_44@2x.png */ = {isa = PBXFileReference; lastKnownFileType = image.png; path = "events_44@2x.png"; sourceTree = "<group>"; };
		06FAFFE317F1F2B3005E2362 /* bandwidthattackin@2x.png */ = {isa = PBXFileReference; lastKnownFileType = image.png; path = "bandwidthattackin@2x.png"; sourceTree = "<group>"; };
		06FAFFE417F1F2B3005E2362 /* memoryinout_white@2x.png */ = {isa = PBXFileReference; lastKnownFileType = image.png; path = "memoryinout_white@2x.png"; sourceTree = "<group>"; };
		06FAFFE517F1F2B3005E2362 /* memory_22@2x.png */ = {isa = PBXFileReference; lastKnownFileType = image.png; path = "memory_22@2x.png"; sourceTree = "<group>"; };
		06FAFFE617F1F2B3005E2362 /* activememory_22@2x.png */ = {isa = PBXFileReference; lastKnownFileType = image.png; path = "activememory_22@2x.png"; sourceTree = "<group>"; };
		06FAFFE717F1F2B3005E2362 /* bandwidth_22@2x.png */ = {isa = PBXFileReference; lastKnownFileType = image.png; path = "bandwidth_22@2x.png"; sourceTree = "<group>"; };
		06FAFFE817F1F2B3005E2362 /* cyclesicon_22@2x.png */ = {isa = PBXFileReference; lastKnownFileType = image.png; path = "cyclesicon_22@2x.png"; sourceTree = "<group>"; };
		06FEE46A17E9B948001BDAE7 /* UIView+AutoLayout.h */ = {isa = PBXFileReference; fileEncoding = 4; lastKnownFileType = sourcecode.c.h; path = "UIView+AutoLayout.h"; sourceTree = "<group>"; };
		06FEE46B17E9B948001BDAE7 /* UIView+AutoLayout.m */ = {isa = PBXFileReference; fileEncoding = 4; lastKnownFileType = sourcecode.c.objc; path = "UIView+AutoLayout.m"; sourceTree = "<group>"; };
		06FEE46D17E9DD52001BDAE7 /* QuartzCore.framework */ = {isa = PBXFileReference; lastKnownFileType = wrapper.framework; name = QuartzCore.framework; path = System/Library/Frameworks/QuartzCore.framework; sourceTree = SDKROOT; };
		3011AB3117E52D1E00B45374 /* Netwars.app */ = {isa = PBXFileReference; explicitFileType = wrapper.application; includeInIndex = 0; path = Netwars.app; sourceTree = BUILT_PRODUCTS_DIR; };
		3011AB3417E52D1E00B45374 /* UIKit.framework */ = {isa = PBXFileReference; lastKnownFileType = wrapper.framework; name = UIKit.framework; path = System/Library/Frameworks/UIKit.framework; sourceTree = SDKROOT; };
		3011AB3617E52D1E00B45374 /* Foundation.framework */ = {isa = PBXFileReference; lastKnownFileType = wrapper.framework; name = Foundation.framework; path = System/Library/Frameworks/Foundation.framework; sourceTree = SDKROOT; };
		3011AB3817E52D1E00B45374 /* CoreGraphics.framework */ = {isa = PBXFileReference; lastKnownFileType = wrapper.framework; name = CoreGraphics.framework; path = System/Library/Frameworks/CoreGraphics.framework; sourceTree = SDKROOT; };
		3011AB3C17E52D1E00B45374 /* Netwars-Info.plist */ = {isa = PBXFileReference; lastKnownFileType = text.plist.xml; path = "Netwars-Info.plist"; sourceTree = "<group>"; };
		3011AB3E17E52D1E00B45374 /* en */ = {isa = PBXFileReference; lastKnownFileType = text.plist.strings; name = en; path = en.lproj/InfoPlist.strings; sourceTree = "<group>"; };
		3011AB4017E52D1E00B45374 /* main.m */ = {isa = PBXFileReference; lastKnownFileType = sourcecode.c.objc; path = main.m; sourceTree = "<group>"; };
		3011AB4217E52D1E00B45374 /* Netwars-Prefix.pch */ = {isa = PBXFileReference; lastKnownFileType = sourcecode.c.h; path = "Netwars-Prefix.pch"; sourceTree = "<group>"; };
		3011AB4317E52D1E00B45374 /* AppDelegate.h */ = {isa = PBXFileReference; lastKnownFileType = sourcecode.c.h; path = AppDelegate.h; sourceTree = "<group>"; };
		3011AB4417E52D1E00B45374 /* AppDelegate.m */ = {isa = PBXFileReference; lastKnownFileType = sourcecode.c.objc; path = AppDelegate.m; sourceTree = "<group>"; };
		3011AB4617E52D1E00B45374 /* Default.png */ = {isa = PBXFileReference; lastKnownFileType = image.png; path = Default.png; sourceTree = "<group>"; };
		3011AB4817E52D1E00B45374 /* Default@2x.png */ = {isa = PBXFileReference; lastKnownFileType = image.png; path = "Default@2x.png"; sourceTree = "<group>"; };
		3011AB4A17E52D1E00B45374 /* Default-568h@2x.png */ = {isa = PBXFileReference; lastKnownFileType = image.png; path = "Default-568h@2x.png"; sourceTree = "<group>"; };
		3011AB5117E52D1E00B45374 /* NetwarsTests.octest */ = {isa = PBXFileReference; explicitFileType = wrapper.cfbundle; includeInIndex = 0; path = NetwarsTests.octest; sourceTree = BUILT_PRODUCTS_DIR; };
		3011AB5217E52D1E00B45374 /* SenTestingKit.framework */ = {isa = PBXFileReference; lastKnownFileType = wrapper.framework; name = SenTestingKit.framework; path = Library/Frameworks/SenTestingKit.framework; sourceTree = DEVELOPER_DIR; };
		3011AB5A17E52D1E00B45374 /* NetwarsTests-Info.plist */ = {isa = PBXFileReference; lastKnownFileType = text.plist.xml; path = "NetwarsTests-Info.plist"; sourceTree = "<group>"; };
		3011AB5C17E52D1E00B45374 /* en */ = {isa = PBXFileReference; lastKnownFileType = text.plist.strings; name = en; path = en.lproj/InfoPlist.strings; sourceTree = "<group>"; };
		3011AB5E17E52D1E00B45374 /* NetwarsTests.h */ = {isa = PBXFileReference; lastKnownFileType = sourcecode.c.h; path = NetwarsTests.h; sourceTree = "<group>"; };
		3011AB5F17E52D1E00B45374 /* NetwarsTests.m */ = {isa = PBXFileReference; lastKnownFileType = sourcecode.c.objc; path = NetwarsTests.m; sourceTree = "<group>"; };
		3011AB8817E533DF00B45374 /* AFHTTPClient.h */ = {isa = PBXFileReference; fileEncoding = 4; lastKnownFileType = sourcecode.c.h; path = AFHTTPClient.h; sourceTree = "<group>"; };
		3011AB8917E533DF00B45374 /* AFHTTPClient.m */ = {isa = PBXFileReference; fileEncoding = 4; lastKnownFileType = sourcecode.c.objc; path = AFHTTPClient.m; sourceTree = "<group>"; };
		3011AB8A17E533DF00B45374 /* AFHTTPRequestOperation.h */ = {isa = PBXFileReference; fileEncoding = 4; lastKnownFileType = sourcecode.c.h; path = AFHTTPRequestOperation.h; sourceTree = "<group>"; };
		3011AB8B17E533DF00B45374 /* AFHTTPRequestOperation.m */ = {isa = PBXFileReference; fileEncoding = 4; lastKnownFileType = sourcecode.c.objc; path = AFHTTPRequestOperation.m; sourceTree = "<group>"; };
		3011AB8C17E533DF00B45374 /* AFImageRequestOperation.h */ = {isa = PBXFileReference; fileEncoding = 4; lastKnownFileType = sourcecode.c.h; path = AFImageRequestOperation.h; sourceTree = "<group>"; };
		3011AB8D17E533DF00B45374 /* AFImageRequestOperation.m */ = {isa = PBXFileReference; fileEncoding = 4; lastKnownFileType = sourcecode.c.objc; path = AFImageRequestOperation.m; sourceTree = "<group>"; };
		3011AB8E17E533DF00B45374 /* AFJSONRequestOperation.h */ = {isa = PBXFileReference; fileEncoding = 4; lastKnownFileType = sourcecode.c.h; path = AFJSONRequestOperation.h; sourceTree = "<group>"; };
		3011AB8F17E533DF00B45374 /* AFJSONRequestOperation.m */ = {isa = PBXFileReference; fileEncoding = 4; lastKnownFileType = sourcecode.c.objc; path = AFJSONRequestOperation.m; sourceTree = "<group>"; };
		3011AB9017E533DF00B45374 /* AFNetworkActivityIndicatorManager.h */ = {isa = PBXFileReference; fileEncoding = 4; lastKnownFileType = sourcecode.c.h; path = AFNetworkActivityIndicatorManager.h; sourceTree = "<group>"; };
		3011AB9117E533DF00B45374 /* AFNetworkActivityIndicatorManager.m */ = {isa = PBXFileReference; fileEncoding = 4; lastKnownFileType = sourcecode.c.objc; path = AFNetworkActivityIndicatorManager.m; sourceTree = "<group>"; };
		3011AB9217E533DF00B45374 /* AFNetworking.h */ = {isa = PBXFileReference; fileEncoding = 4; lastKnownFileType = sourcecode.c.h; path = AFNetworking.h; sourceTree = "<group>"; };
		3011AB9317E533DF00B45374 /* AFPropertyListRequestOperation.h */ = {isa = PBXFileReference; fileEncoding = 4; lastKnownFileType = sourcecode.c.h; path = AFPropertyListRequestOperation.h; sourceTree = "<group>"; };
		3011AB9417E533DF00B45374 /* AFPropertyListRequestOperation.m */ = {isa = PBXFileReference; fileEncoding = 4; lastKnownFileType = sourcecode.c.objc; path = AFPropertyListRequestOperation.m; sourceTree = "<group>"; };
		3011AB9517E533DF00B45374 /* AFURLConnectionOperation.h */ = {isa = PBXFileReference; fileEncoding = 4; lastKnownFileType = sourcecode.c.h; path = AFURLConnectionOperation.h; sourceTree = "<group>"; };
		3011AB9617E533DF00B45374 /* AFURLConnectionOperation.m */ = {isa = PBXFileReference; fileEncoding = 4; lastKnownFileType = sourcecode.c.objc; path = AFURLConnectionOperation.m; sourceTree = "<group>"; };
		3011AB9717E533DF00B45374 /* AFXMLRequestOperation.h */ = {isa = PBXFileReference; fileEncoding = 4; lastKnownFileType = sourcecode.c.h; path = AFXMLRequestOperation.h; sourceTree = "<group>"; };
		3011AB9817E533DF00B45374 /* AFXMLRequestOperation.m */ = {isa = PBXFileReference; fileEncoding = 4; lastKnownFileType = sourcecode.c.objc; path = AFXMLRequestOperation.m; sourceTree = "<group>"; };
		3011AB9917E533DF00B45374 /* UIImageView+AFNetworking.h */ = {isa = PBXFileReference; fileEncoding = 4; lastKnownFileType = sourcecode.c.h; path = "UIImageView+AFNetworking.h"; sourceTree = "<group>"; };
		3011AB9A17E533DF00B45374 /* UIImageView+AFNetworking.m */ = {isa = PBXFileReference; fileEncoding = 4; lastKnownFileType = sourcecode.c.objc; path = "UIImageView+AFNetworking.m"; sourceTree = "<group>"; };
		3011ABA817E545B200B45374 /* AFNetClient.h */ = {isa = PBXFileReference; fileEncoding = 4; lastKnownFileType = sourcecode.c.h; path = AFNetClient.h; sourceTree = "<group>"; };
		3011ABA917E545B200B45374 /* AFNetClient.m */ = {isa = PBXFileReference; fileEncoding = 4; lastKnownFileType = sourcecode.c.objc; path = AFNetClient.m; sourceTree = "<group>"; };
		3011ABAB17E54DF600B45374 /* LoginController.h */ = {isa = PBXFileReference; fileEncoding = 4; lastKnownFileType = sourcecode.c.h; path = LoginController.h; sourceTree = "<group>"; };
		3011ABAC17E54DF600B45374 /* LoginController.m */ = {isa = PBXFileReference; fileEncoding = 4; lastKnownFileType = sourcecode.c.objc; path = LoginController.m; sourceTree = "<group>"; };
		3011ABBA17E5A4DE00B45374 /* LoginInputCell.xib */ = {isa = PBXFileReference; fileEncoding = 4; lastKnownFileType = file.xib; path = LoginInputCell.xib; sourceTree = "<group>"; };
		3011ABC017E5AB6A00B45374 /* MobileCoreServices.framework */ = {isa = PBXFileReference; lastKnownFileType = wrapper.framework; name = MobileCoreServices.framework; path = System/Library/Frameworks/MobileCoreServices.framework; sourceTree = SDKROOT; };
		3011ABC217E5AB7400B45374 /* SystemConfiguration.framework */ = {isa = PBXFileReference; lastKnownFileType = wrapper.framework; name = SystemConfiguration.framework; path = System/Library/Frameworks/SystemConfiguration.framework; sourceTree = SDKROOT; };
		3011ABC417E5AEA000B45374 /* Security.framework */ = {isa = PBXFileReference; lastKnownFileType = wrapper.framework; name = Security.framework; path = System/Library/Frameworks/Security.framework; sourceTree = SDKROOT; };
		306B8DED17E817DE00F7C24D /* Player.h */ = {isa = PBXFileReference; fileEncoding = 4; lastKnownFileType = sourcecode.c.h; path = Player.h; sourceTree = "<group>"; };
		306B8DEE17E817DE00F7C24D /* Player.m */ = {isa = PBXFileReference; fileEncoding = 4; lastKnownFileType = sourcecode.c.objc; path = Player.m; sourceTree = "<group>"; };
		306B8DF017E86B5500F7C24D /* LoginInputCell.h */ = {isa = PBXFileReference; fileEncoding = 4; lastKnownFileType = sourcecode.c.h; path = LoginInputCell.h; sourceTree = "<group>"; };
		306B8DF117E86B5500F7C24D /* LoginInputCell.m */ = {isa = PBXFileReference; fileEncoding = 4; lastKnownFileType = sourcecode.c.objc; path = LoginInputCell.m; sourceTree = "<group>"; };
/* End PBXFileReference section */

/* Begin PBXFrameworksBuildPhase section */
		3011AB2E17E52D1E00B45374 /* Frameworks */ = {
			isa = PBXFrameworksBuildPhase;
			buildActionMask = 2147483647;
			files = (
				06FEE46E17E9DD52001BDAE7 /* QuartzCore.framework in Frameworks */,
				3011ABC517E5AEA000B45374 /* Security.framework in Frameworks */,
				3011ABC317E5AB7400B45374 /* SystemConfiguration.framework in Frameworks */,
				3011ABC117E5AB6A00B45374 /* MobileCoreServices.framework in Frameworks */,
				3011AB3517E52D1E00B45374 /* UIKit.framework in Frameworks */,
				3011AB3717E52D1E00B45374 /* Foundation.framework in Frameworks */,
				3011AB3917E52D1E00B45374 /* CoreGraphics.framework in Frameworks */,
			);
			runOnlyForDeploymentPostprocessing = 0;
		};
		3011AB4D17E52D1E00B45374 /* Frameworks */ = {
			isa = PBXFrameworksBuildPhase;
			buildActionMask = 2147483647;
			files = (
				3011AB5317E52D1E00B45374 /* SenTestingKit.framework in Frameworks */,
				3011AB5417E52D1E00B45374 /* UIKit.framework in Frameworks */,
				3011AB5517E52D1E00B45374 /* Foundation.framework in Frameworks */,
			);
			runOnlyForDeploymentPostprocessing = 0;
		};
/* End PBXFrameworksBuildPhase section */

/* Begin PBXGroup section */
		065E8CEB17E992F8004D2276 /* DACircularProgress */ = {
			isa = PBXGroup;
			children = (
				065E8CEC17E992F8004D2276 /* DACircularProgressView.h */,
				065E8CED17E992F8004D2276 /* DACircularProgressView.m */,
			);
			name = DACircularProgress;
			path = ../DACircularProgress/DACircularProgress;
			sourceTree = "<group>";
		};
		06CFF5F817E8E87200E5F6EB /* DAKeyboardControl */ = {
			isa = PBXGroup;
			children = (
				06CFF5F917E8E87200E5F6EB /* DAKeyboardControl.h */,
				06CFF5FA17E8E87200E5F6EB /* DAKeyboardControl.m */,
			);
			name = DAKeyboardControl;
			path = ../DAKeyboardControl/DAKeyboardControl;
			sourceTree = "<group>";
		};
		06FEE46917E9B948001BDAE7 /* UIView+AutoLayout */ = {
			isa = PBXGroup;
			children = (
				06FEE46A17E9B948001BDAE7 /* UIView+AutoLayout.h */,
				06FEE46B17E9B948001BDAE7 /* UIView+AutoLayout.m */,
			);
			name = "UIView+AutoLayout";
			path = "../UIView-AutoLayout/Source";
			sourceTree = "<group>";
		};
		3011AB2817E52D1E00B45374 = {
			isa = PBXGroup;
			children = (
				3011ABA717E5415C00B45374 /* Networking */,
				3011AB8617E533CA00B45374 /* Vendor */,
				3011AB3A17E52D1E00B45374 /* Classes */,
				3011AB5817E52D1E00B45374 /* NetwarsTests */,
				3011AB3317E52D1E00B45374 /* Frameworks */,
				3011AB3217E52D1E00B45374 /* Products */,
			);
			sourceTree = "<group>";
		};
		3011AB3217E52D1E00B45374 /* Products */ = {
			isa = PBXGroup;
			children = (
				3011AB3117E52D1E00B45374 /* Netwars.app */,
				3011AB5117E52D1E00B45374 /* NetwarsTests.octest */,
			);
			name = Products;
			sourceTree = "<group>";
		};
		3011AB3317E52D1E00B45374 /* Frameworks */ = {
			isa = PBXGroup;
			children = (
				06FEE46D17E9DD52001BDAE7 /* QuartzCore.framework */,
				3011ABC417E5AEA000B45374 /* Security.framework */,
				3011ABC017E5AB6A00B45374 /* MobileCoreServices.framework */,
				3011ABC217E5AB7400B45374 /* SystemConfiguration.framework */,
				3011AB3417E52D1E00B45374 /* UIKit.framework */,
				3011AB3617E52D1E00B45374 /* Foundation.framework */,
				3011AB3817E52D1E00B45374 /* CoreGraphics.framework */,
				3011AB5217E52D1E00B45374 /* SenTestingKit.framework */,
			);
			name = Frameworks;
			sourceTree = "<group>";
		};
		3011AB3A17E52D1E00B45374 /* Classes */ = {
			isa = PBXGroup;
			children = (
				3011ABA617E5413000B45374 /* Views */,
				3011ABA517E5412500B45374 /* Controllers */,
				3011ABA417E5411800B45374 /* Models */,
				3011AB4317E52D1E00B45374 /* AppDelegate.h */,
				3011AB4417E52D1E00B45374 /* AppDelegate.m */,
				3011AB3B17E52D1E00B45374 /* Supporting Files */,
			);
			name = Classes;
			path = Netwars;
			sourceTree = "<group>";
		};
		3011AB3B17E52D1E00B45374 /* Supporting Files */ = {
			isa = PBXGroup;
			children = (
				06AC8B0D17F4263D00FD7A1A /* track_46@2x.png */,
				06AC8B0B17F4262600FD7A1A /* thumb_46@2x.png */,
				06FAFFDC17F1F2B3005E2362 /* bandwidthattackin_white@2x.png */,
				06FAFFDD17F1F2B3005E2362 /* bandwidthattackinout_white@2x.png */,
				06FAFFDE17F1F2B3005E2362 /* memoryin_white@2x.png */,
				06FAFFDF17F1F2B3005E2362 /* messages_44@2x.png */,
				06FAFFE017F1F2B3005E2362 /* list_44@2x.png */,
				06FAFFE117F1F2B3005E2362 /* programs_44@2x.png */,
				06FAFFE217F1F2B3005E2362 /* events_44@2x.png */,
				06FAFFE317F1F2B3005E2362 /* bandwidthattackin@2x.png */,
				06FAFFE417F1F2B3005E2362 /* memoryinout_white@2x.png */,
				06FAFFE517F1F2B3005E2362 /* memory_22@2x.png */,
				06FAFFE617F1F2B3005E2362 /* activememory_22@2x.png */,
				06FAFFE717F1F2B3005E2362 /* bandwidth_22@2x.png */,
				06FAFFE817F1F2B3005E2362 /* cyclesicon_22@2x.png */,
				061BCA1117EFE78E000B6F59 /* memoryinout_white.png */,
				061BCA1217EFE78E000B6F59 /* bandwidthattackin_white.png */,
				061BCA0F17EFE0FF000B6F59 /* bandwidthattackinout_white.png */,
				061BCA0D17EFDF68000B6F59 /* bandwidthattackinout_16.png */,
				061BCA0B17EFDD81000B6F59 /* cyclesicon_16.png */,
				06DED8C917EE650D0067EAC5 /* memoryinout.png */,
				06DED8CA17EE650D0067EAC5 /* memoryout.png */,
				06DED8CB17EE650E0067EAC5 /* memoryin.png */,
				06DED8CC17EE650E0067EAC5 /* bandwidthattackin.png */,
				06DED8CD17EE650E0067EAC5 /* bandwidthattackinout.png */,
				06DED8CE17EE650F0067EAC5 /* bandwidthattackout.png */,
				06DED8B817ED36710067EAC5 /* programs_44.png */,
				06DED8B317EC9E9F0067EAC5 /* list_44.png */,
				06DED8AD17EC8B040067EAC5 /* messages_44.png */,
				06DED8AE17EC8B040067EAC5 /* clan_44.png */,
				06DED8AF17EC8B040067EAC5 /* events_44.png */,
				06DED8AB17EC54AB0067EAC5 /* bandwidth_22.png */,
				06DED8A917EC53550067EAC5 /* activememory_22.png */,
				06DED8A717EC51310067EAC5 /* cyclesicon_22.png */,
				06DED8A517EC47910067EAC5 /* memory_22.png */,
				06DED8A317EC41A60067EAC5 /* memory.png */,
				3011AB3C17E52D1E00B45374 /* Netwars-Info.plist */,
				3011AB3D17E52D1E00B45374 /* InfoPlist.strings */,
				3011AB4017E52D1E00B45374 /* main.m */,
				3011AB4217E52D1E00B45374 /* Netwars-Prefix.pch */,
				3011AB4617E52D1E00B45374 /* Default.png */,
				3011AB4817E52D1E00B45374 /* Default@2x.png */,
				3011AB4A17E52D1E00B45374 /* Default-568h@2x.png */,
				06DED8D517EE6B250067EAC5 /* programgroupimg.plist */,
			);
			name = "Supporting Files";
			sourceTree = "<group>";
		};
		3011AB5817E52D1E00B45374 /* NetwarsTests */ = {
			isa = PBXGroup;
			children = (
				3011AB5E17E52D1E00B45374 /* NetwarsTests.h */,
				3011AB5F17E52D1E00B45374 /* NetwarsTests.m */,
				3011AB5917E52D1E00B45374 /* Supporting Files */,
			);
			path = NetwarsTests;
			sourceTree = "<group>";
		};
		3011AB5917E52D1E00B45374 /* Supporting Files */ = {
			isa = PBXGroup;
			children = (
				3011AB5A17E52D1E00B45374 /* NetwarsTests-Info.plist */,
				3011AB5B17E52D1E00B45374 /* InfoPlist.strings */,
			);
			name = "Supporting Files";
			sourceTree = "<group>";
		};
		3011AB8617E533CA00B45374 /* Vendor */ = {
			isa = PBXGroup;
			children = (
				06FEE46917E9B948001BDAE7 /* UIView+AutoLayout */,
				065E8CEB17E992F8004D2276 /* DACircularProgress */,
				06CFF5F817E8E87200E5F6EB /* DAKeyboardControl */,
				3011AB8717E533DF00B45374 /* AFNetworking */,
			);
			name = Vendor;
			sourceTree = "<group>";
		};
		3011AB8717E533DF00B45374 /* AFNetworking */ = {
			isa = PBXGroup;
			children = (
				3011AB8817E533DF00B45374 /* AFHTTPClient.h */,
				3011AB8917E533DF00B45374 /* AFHTTPClient.m */,
				3011AB8A17E533DF00B45374 /* AFHTTPRequestOperation.h */,
				3011AB8B17E533DF00B45374 /* AFHTTPRequestOperation.m */,
				3011AB8C17E533DF00B45374 /* AFImageRequestOperation.h */,
				3011AB8D17E533DF00B45374 /* AFImageRequestOperation.m */,
				3011AB8E17E533DF00B45374 /* AFJSONRequestOperation.h */,
				3011AB8F17E533DF00B45374 /* AFJSONRequestOperation.m */,
				3011AB9017E533DF00B45374 /* AFNetworkActivityIndicatorManager.h */,
				3011AB9117E533DF00B45374 /* AFNetworkActivityIndicatorManager.m */,
				3011AB9217E533DF00B45374 /* AFNetworking.h */,
				3011AB9317E533DF00B45374 /* AFPropertyListRequestOperation.h */,
				3011AB9417E533DF00B45374 /* AFPropertyListRequestOperation.m */,
				3011AB9517E533DF00B45374 /* AFURLConnectionOperation.h */,
				3011AB9617E533DF00B45374 /* AFURLConnectionOperation.m */,
				3011AB9717E533DF00B45374 /* AFXMLRequestOperation.h */,
				3011AB9817E533DF00B45374 /* AFXMLRequestOperation.m */,
				3011AB9917E533DF00B45374 /* UIImageView+AFNetworking.h */,
				3011AB9A17E533DF00B45374 /* UIImageView+AFNetworking.m */,
			);
			name = AFNetworking;
			path = ../AFNetworking/AFNetworking;
			sourceTree = "<group>";
		};
		3011ABA417E5411800B45374 /* Models */ = {
			isa = PBXGroup;
			children = (
				306B8DED17E817DE00F7C24D /* Player.h */,
				306B8DEE17E817DE00F7C24D /* Player.m */,
				06DED8BD17ED4D8B0067EAC5 /* Program.h */,
				06DED8BE17ED4D8B0067EAC5 /* Program.m */,
				06DED8C017ED52500067EAC5 /* Profile.h */,
				06DED8C117ED52500067EAC5 /* Profile.m */,
			);
			name = Models;
			sourceTree = "<group>";
		};
		3011ABA517E5412500B45374 /* Controllers */ = {
			isa = PBXGroup;
			children = (
				3011ABAB17E54DF600B45374 /* LoginController.h */,
				3011ABAC17E54DF600B45374 /* LoginController.m */,
				065E8CE417E99172004D2276 /* StateController.h */,
				065E8CE517E99172004D2276 /* StateController.m */,
				06DED8BA17ED4D5D0067EAC5 /* ProgramController.h */,
				06DED8BB17ED4D5D0067EAC5 /* ProgramController.m */,
				06DED8C617ED9FDE0067EAC5 /* AllocController.h */,
				06DED8C717ED9FDE0067EAC5 /* AllocController.m */,
			);
			name = Controllers;
			sourceTree = "<group>";
		};
		3011ABA617E5413000B45374 /* Views */ = {
			isa = PBXGroup;
			children = (
				3011ABBA17E5A4DE00B45374 /* LoginInputCell.xib */,
				306B8DF017E86B5500F7C24D /* LoginInputCell.h */,
				306B8DF117E86B5500F7C24D /* LoginInputCell.m */,
				065E8CEF17E9AFEB004D2276 /* HUDCell.h */,
				065E8CF017E9AFEB004D2276 /* HUDCell.m */,
				06DED8B517ECA5CA0067EAC5 /* NavCell.h */,
				06DED8B617ECA5CA0067EAC5 /* NavCell.m */,
				06DED8C317ED64BD0067EAC5 /* ProgramCell.h */,
				06DED8C417ED64BD0067EAC5 /* ProgramCell.m */,
				061BCA1517EFEFB8000B6F59 /* EffectorView.h */,
				061BCA1617EFEFB8000B6F59 /* EffectorView.m */,
				061BCA1817F035FA000B6F59 /* ResourceCell.h */,
				061BCA1917F035FA000B6F59 /* ResourceCell.m */,
				061BCA1B17F1B965000B6F59 /* ProgramInfoCell.h */,
				061BCA1C17F1B965000B6F59 /* ProgramInfoCell.m */,
				0655ACD717F3A3C400B960C6 /* SliderCell.h */,
				0655ACD817F3A3C400B960C6 /* SliderCell.m */,
				06AC8B0F17F6DEEA00FD7A1A /* PgHeader.h */,
				06AC8B1017F6DEEA00FD7A1A /* PgHeader.m */,
			);
			name = Views;
			sourceTree = "<group>";
		};
		3011ABA717E5415C00B45374 /* Networking */ = {
			isa = PBXGroup;
			children = (
				3011ABA817E545B200B45374 /* AFNetClient.h */,
				3011ABA917E545B200B45374 /* AFNetClient.m */,
			);
			name = Networking;
			sourceTree = "<group>";
		};
/* End PBXGroup section */

/* Begin PBXNativeTarget section */
		3011AB3017E52D1E00B45374 /* Netwars */ = {
			isa = PBXNativeTarget;
			buildConfigurationList = 3011AB6317E52D1E00B45374 /* Build configuration list for PBXNativeTarget "Netwars" */;
			buildPhases = (
				3011AB2D17E52D1E00B45374 /* Sources */,
				3011AB2E17E52D1E00B45374 /* Frameworks */,
				3011AB2F17E52D1E00B45374 /* Resources */,
			);
			buildRules = (
			);
			dependencies = (
			);
			name = Netwars;
			productName = Netwars;
			productReference = 3011AB3117E52D1E00B45374 /* Netwars.app */;
			productType = "com.apple.product-type.application";
		};
		3011AB5017E52D1E00B45374 /* NetwarsTests */ = {
			isa = PBXNativeTarget;
			buildConfigurationList = 3011AB6617E52D1E00B45374 /* Build configuration list for PBXNativeTarget "NetwarsTests" */;
			buildPhases = (
				3011AB4C17E52D1E00B45374 /* Sources */,
				3011AB4D17E52D1E00B45374 /* Frameworks */,
				3011AB4E17E52D1E00B45374 /* Resources */,
				3011AB4F17E52D1E00B45374 /* ShellScript */,
			);
			buildRules = (
			);
			dependencies = (
				3011AB5717E52D1E00B45374 /* PBXTargetDependency */,
			);
			name = NetwarsTests;
			productName = NetwarsTests;
			productReference = 3011AB5117E52D1E00B45374 /* NetwarsTests.octest */;
			productType = "com.apple.product-type.bundle";
		};
/* End PBXNativeTarget section */

/* Begin PBXProject section */
		3011AB2917E52D1E00B45374 /* Project object */ = {
			isa = PBXProject;
			attributes = {
				LastUpgradeCheck = 0460;
				ORGANIZATIONNAME = mjolk;
			};
			buildConfigurationList = 3011AB2C17E52D1E00B45374 /* Build configuration list for PBXProject "Netwars" */;
			compatibilityVersion = "Xcode 3.2";
			developmentRegion = English;
			hasScannedForEncodings = 0;
			knownRegions = (
				en,
			);
			mainGroup = 3011AB2817E52D1E00B45374;
			productRefGroup = 3011AB3217E52D1E00B45374 /* Products */;
			projectDirPath = "";
			projectRoot = "";
			targets = (
				3011AB3017E52D1E00B45374 /* Netwars */,
				3011AB5017E52D1E00B45374 /* NetwarsTests */,
			);
		};
/* End PBXProject section */

/* Begin PBXResourcesBuildPhase section */
		3011AB2F17E52D1E00B45374 /* Resources */ = {
			isa = PBXResourcesBuildPhase;
			buildActionMask = 2147483647;
			files = (
				3011AB3F17E52D1E00B45374 /* InfoPlist.strings in Resources */,
				06FAFFF117F1F2B3005E2362 /* memoryinout_white@2x.png in Resources */,
				06FAFFEE17F1F2B3005E2362 /* programs_44@2x.png in Resources */,
				3011AB4717E52D1E00B45374 /* Default.png in Resources */,
				3011AB4917E52D1E00B45374 /* Default@2x.png in Resources */,
				3011AB4B17E52D1E00B45374 /* Default-568h@2x.png in Resources */,
				3011ABBB17E5A4DE00B45374 /* LoginInputCell.xib in Resources */,
				06DED8A417EC41A60067EAC5 /* memory.png in Resources */,
				06FAFFF517F1F2B3005E2362 /* cyclesicon_22@2x.png in Resources */,
				06DED8A617EC47910067EAC5 /* memory_22.png in Resources */,
				06FAFFF217F1F2B3005E2362 /* memory_22@2x.png in Resources */,
				06DED8A817EC51310067EAC5 /* cyclesicon_22.png in Resources */,
				06DED8AA17EC53550067EAC5 /* activememory_22.png in Resources */,
				06DED8AC17EC54AB0067EAC5 /* bandwidth_22.png in Resources */,
				06DED8B017EC8B040067EAC5 /* messages_44.png in Resources */,
				06DED8B117EC8B040067EAC5 /* clan_44.png in Resources */,
				06FAFFF317F1F2B3005E2362 /* activememory_22@2x.png in Resources */,
				06AC8B0C17F4262600FD7A1A /* thumb_46@2x.png in Resources */,
				06DED8B217EC8B040067EAC5 /* events_44.png in Resources */,
				06FAFFEC17F1F2B3005E2362 /* messages_44@2x.png in Resources */,
				06FAFFED17F1F2B3005E2362 /* list_44@2x.png in Resources */,
				06DED8B417EC9E9F0067EAC5 /* list_44.png in Resources */,
				06DED8B917ED36710067EAC5 /* programs_44.png in Resources */,
				06FAFFE917F1F2B3005E2362 /* bandwidthattackin_white@2x.png in Resources */,
				06DED8CF17EE650F0067EAC5 /* memoryinout.png in Resources */,
				06DED8D017EE650F0067EAC5 /* memoryout.png in Resources */,
				06DED8D117EE650F0067EAC5 /* memoryin.png in Resources */,
				06DED8D217EE650F0067EAC5 /* bandwidthattackin.png in Resources */,
				06DED8D317EE650F0067EAC5 /* bandwidthattackinout.png in Resources */,
				06DED8D417EE650F0067EAC5 /* bandwidthattackout.png in Resources */,
				06FAFFEA17F1F2B3005E2362 /* bandwidthattackinout_white@2x.png in Resources */,
				06DED8D617EE6B250067EAC5 /* programgroupimg.plist in Resources */,
				06FAFFF017F1F2B3005E2362 /* bandwidthattackin@2x.png in Resources */,
				061BCA0C17EFDD81000B6F59 /* cyclesicon_16.png in Resources */,
				061BCA0E17EFDF68000B6F59 /* bandwidthattackinout_16.png in Resources */,
				06FAFFEF17F1F2B3005E2362 /* events_44@2x.png in Resources */,
				06FAFFEB17F1F2B3005E2362 /* memoryin_white@2x.png in Resources */,
				06FAFFF417F1F2B3005E2362 /* bandwidth_22@2x.png in Resources */,
				06AC8B0E17F4263D00FD7A1A /* track_46@2x.png in Resources */,
				061BCA1017EFE0FF000B6F59 /* bandwidthattackinout_white.png in Resources */,
				061BCA1317EFE78E000B6F59 /* memoryinout_white.png in Resources */,
				061BCA1417EFE78E000B6F59 /* bandwidthattackin_white.png in Resources */,
			);
			runOnlyForDeploymentPostprocessing = 0;
		};
		3011AB4E17E52D1E00B45374 /* Resources */ = {
			isa = PBXResourcesBuildPhase;
			buildActionMask = 2147483647;
			files = (
				3011AB5D17E52D1E00B45374 /* InfoPlist.strings in Resources */,
			);
			runOnlyForDeploymentPostprocessing = 0;
		};
/* End PBXResourcesBuildPhase section */

/* Begin PBXShellScriptBuildPhase section */
		3011AB4F17E52D1E00B45374 /* ShellScript */ = {
			isa = PBXShellScriptBuildPhase;
			buildActionMask = 2147483647;
			files = (
			);
			inputPaths = (
			);
			outputPaths = (
			);
			runOnlyForDeploymentPostprocessing = 0;
			shellPath = /bin/sh;
			shellScript = "# Run the unit tests in this test bundle.\n\"${SYSTEM_DEVELOPER_DIR}/Tools/RunUnitTests\"\n";
		};
/* End PBXShellScriptBuildPhase section */

/* Begin PBXSourcesBuildPhase section */
		3011AB2D17E52D1E00B45374 /* Sources */ = {
			isa = PBXSourcesBuildPhase;
			buildActionMask = 2147483647;
			files = (
				3011AB4117E52D1E00B45374 /* main.m in Sources */,
				3011AB4517E52D1E00B45374 /* AppDelegate.m in Sources */,
				3011AB9B17E533DF00B45374 /* AFHTTPClient.m in Sources */,
				3011AB9C17E533DF00B45374 /* AFHTTPRequestOperation.m in Sources */,
				0655ACD917F3A3C400B960C6 /* SliderCell.m in Sources */,
				3011AB9D17E533DF00B45374 /* AFImageRequestOperation.m in Sources */,
				3011AB9E17E533DF00B45374 /* AFJSONRequestOperation.m in Sources */,
				3011AB9F17E533DF00B45374 /* AFNetworkActivityIndicatorManager.m in Sources */,
				3011ABA017E533DF00B45374 /* AFPropertyListRequestOperation.m in Sources */,
				3011ABA117E533DF00B45374 /* AFURLConnectionOperation.m in Sources */,
				3011ABA217E533DF00B45374 /* AFXMLRequestOperation.m in Sources */,
				3011ABA317E533DF00B45374 /* UIImageView+AFNetworking.m in Sources */,
				3011ABAA17E545B200B45374 /* AFNetClient.m in Sources */,
				3011ABAD17E54DF600B45374 /* LoginController.m in Sources */,
				306B8DEF17E817DE00F7C24D /* Player.m in Sources */,
				306B8DF217E86B5500F7C24D /* LoginInputCell.m in Sources */,
				06CFF5FB17E8E87200E5F6EB /* DAKeyboardControl.m in Sources */,
				065E8CE617E99172004D2276 /* StateController.m in Sources */,
				065E8CEE17E992F8004D2276 /* DACircularProgressView.m in Sources */,
				065E8CF117E9AFEB004D2276 /* HUDCell.m in Sources */,
				06AC8B1117F6DEEA00FD7A1A /* PgHeader.m in Sources */,
				06FEE46C17E9B948001BDAE7 /* UIView+AutoLayout.m in Sources */,
				06DED8B717ECA5CB0067EAC5 /* NavCell.m in Sources */,
				06DED8BC17ED4D5D0067EAC5 /* ProgramController.m in Sources */,
				06DED8BF17ED4D8B0067EAC5 /* Program.m in Sources */,
				06DED8C217ED52500067EAC5 /* Profile.m in Sources */,
				06DED8C517ED64BD0067EAC5 /* ProgramCell.m in Sources */,
				06DED8C817ED9FDE0067EAC5 /* AllocController.m in Sources */,
				061BCA1717EFEFB8000B6F59 /* EffectorView.m in Sources */,
				061BCA1A17F035FA000B6F59 /* ResourceCell.m in Sources */,
				061BCA1D17F1B966000B6F59 /* ProgramInfoCell.m in Sources */,
			);
			runOnlyForDeploymentPostprocessing = 0;
		};
		3011AB4C17E52D1E00B45374 /* Sources */ = {
			isa = PBXSourcesBuildPhase;
			buildActionMask = 2147483647;
			files = (
				3011AB6017E52D1E00B45374 /* NetwarsTests.m in Sources */,
			);
			runOnlyForDeploymentPostprocessing = 0;
		};
/* End PBXSourcesBuildPhase section */

/* Begin PBXTargetDependency section */
		3011AB5717E52D1E00B45374 /* PBXTargetDependency */ = {
			isa = PBXTargetDependency;
			target = 3011AB3017E52D1E00B45374 /* Netwars */;
			targetProxy = 3011AB5617E52D1E00B45374 /* PBXContainerItemProxy */;
		};
/* End PBXTargetDependency section */

/* Begin PBXVariantGroup section */
		3011AB3D17E52D1E00B45374 /* InfoPlist.strings */ = {
			isa = PBXVariantGroup;
			children = (
				3011AB3E17E52D1E00B45374 /* en */,
			);
			name = InfoPlist.strings;
			sourceTree = "<group>";
		};
		3011AB5B17E52D1E00B45374 /* InfoPlist.strings */ = {
			isa = PBXVariantGroup;
			children = (
				3011AB5C17E52D1E00B45374 /* en */,
			);
			name = InfoPlist.strings;
			sourceTree = "<group>";
		};
/* End PBXVariantGroup section */

/* Begin XCBuildConfiguration section */
		3011AB6117E52D1E00B45374 /* Debug */ = {
			isa = XCBuildConfiguration;
			buildSettings = {
				ALWAYS_SEARCH_USER_PATHS = NO;
				CLANG_CXX_LANGUAGE_STANDARD = "gnu++0x";
				CLANG_CXX_LIBRARY = "libc++";
				CLANG_ENABLE_OBJC_ARC = YES;
				CLANG_WARN_CONSTANT_CONVERSION = YES;
				CLANG_WARN_EMPTY_BODY = YES;
				CLANG_WARN_ENUM_CONVERSION = YES;
				CLANG_WARN_INT_CONVERSION = YES;
				CLANG_WARN__DUPLICATE_METHOD_MATCH = YES;
				"CODE_SIGN_IDENTITY[sdk=iphoneos*]" = "iPhone Developer";
				COPY_PHASE_STRIP = NO;
				GCC_C_LANGUAGE_STANDARD = gnu99;
				GCC_DYNAMIC_NO_PIC = NO;
				GCC_OPTIMIZATION_LEVEL = 0;
				GCC_PREPROCESSOR_DEFINITIONS = (
					"DEBUG=1",
					"$(inherited)",
				);
				GCC_SYMBOLS_PRIVATE_EXTERN = NO;
				GCC_WARN_ABOUT_RETURN_TYPE = YES;
				GCC_WARN_UNINITIALIZED_AUTOS = YES;
				GCC_WARN_UNUSED_VARIABLE = YES;
				IPHONEOS_DEPLOYMENT_TARGET = 6.1;
				ONLY_ACTIVE_ARCH = YES;
				SDKROOT = iphoneos;
			};
			name = Debug;
		};
		3011AB6217E52D1E00B45374 /* Release */ = {
			isa = XCBuildConfiguration;
			buildSettings = {
				ALWAYS_SEARCH_USER_PATHS = NO;
				CLANG_CXX_LANGUAGE_STANDARD = "gnu++0x";
				CLANG_CXX_LIBRARY = "libc++";
				CLANG_ENABLE_OBJC_ARC = YES;
				CLANG_WARN_CONSTANT_CONVERSION = YES;
				CLANG_WARN_EMPTY_BODY = YES;
				CLANG_WARN_ENUM_CONVERSION = YES;
				CLANG_WARN_INT_CONVERSION = YES;
				CLANG_WARN__DUPLICATE_METHOD_MATCH = YES;
				"CODE_SIGN_IDENTITY[sdk=iphoneos*]" = "iPhone Developer";
				COPY_PHASE_STRIP = YES;
				GCC_C_LANGUAGE_STANDARD = gnu99;
				GCC_WARN_ABOUT_RETURN_TYPE = YES;
				GCC_WARN_UNINITIALIZED_AUTOS = YES;
				GCC_WARN_UNUSED_VARIABLE = YES;
				IPHONEOS_DEPLOYMENT_TARGET = 6.1;
				OTHER_CFLAGS = "-DNS_BLOCK_ASSERTIONS=1";
				SDKROOT = iphoneos;
				VALIDATE_PRODUCT = YES;
			};
			name = Release;
		};
		3011AB6417E52D1E00B45374 /* Debug */ = {
			isa = XCBuildConfiguration;
			buildSettings = {
				GCC_PRECOMPILE_PREFIX_HEADER = YES;
				GCC_PREFIX_HEADER = "Netwars/Netwars-Prefix.pch";
				INFOPLIST_FILE = "Netwars/Netwars-Info.plist";
				IPHONEOS_DEPLOYMENT_TARGET = 6.1;
				PRODUCT_NAME = "$(TARGET_NAME)";
				WRAPPER_EXTENSION = app;
			};
			name = Debug;
		};
		3011AB6517E52D1E00B45374 /* Release */ = {
			isa = XCBuildConfiguration;
			buildSettings = {
				GCC_PRECOMPILE_PREFIX_HEADER = YES;
				GCC_PREFIX_HEADER = "Netwars/Netwars-Prefix.pch";
				INFOPLIST_FILE = "Netwars/Netwars-Info.plist";
				IPHONEOS_DEPLOYMENT_TARGET = 6.1;
				PRODUCT_NAME = "$(TARGET_NAME)";
				WRAPPER_EXTENSION = app;
			};
			name = Release;
		};
		3011AB6717E52D1E00B45374 /* Debug */ = {
			isa = XCBuildConfiguration;
			buildSettings = {
				BUNDLE_LOADER = "$(BUILT_PRODUCTS_DIR)/Netwars.app/Netwars";
				FRAMEWORK_SEARCH_PATHS = (
					"\"$(SDKROOT)/Developer/Library/Frameworks\"",
					"\"$(DEVELOPER_LIBRARY_DIR)/Frameworks\"",
				);
				GCC_PRECOMPILE_PREFIX_HEADER = YES;
				GCC_PREFIX_HEADER = "Netwars/Netwars-Prefix.pch";
				INFOPLIST_FILE = "NetwarsTests/NetwarsTests-Info.plist";
				PRODUCT_NAME = "$(TARGET_NAME)";
				TEST_HOST = "$(BUNDLE_LOADER)";
				WRAPPER_EXTENSION = octest;
			};
			name = Debug;
		};
		3011AB6817E52D1E00B45374 /* Release */ = {
			isa = XCBuildConfiguration;
			buildSettings = {
				BUNDLE_LOADER = "$(BUILT_PRODUCTS_DIR)/Netwars.app/Netwars";
				FRAMEWORK_SEARCH_PATHS = (
					"\"$(SDKROOT)/Developer/Library/Frameworks\"",
					"\"$(DEVELOPER_LIBRARY_DIR)/Frameworks\"",
				);
				GCC_PRECOMPILE_PREFIX_HEADER = YES;
				GCC_PREFIX_HEADER = "Netwars/Netwars-Prefix.pch";
				INFOPLIST_FILE = "NetwarsTests/NetwarsTests-Info.plist";
				PRODUCT_NAME = "$(TARGET_NAME)";
				TEST_HOST = "$(BUNDLE_LOADER)";
				WRAPPER_EXTENSION = octest;
			};
			name = Release;
		};
/* End XCBuildConfiguration section */

/* Begin XCConfigurationList section */
		3011AB2C17E52D1E00B45374 /* Build configuration list for PBXProject "Netwars" */ = {
			isa = XCConfigurationList;
			buildConfigurations = (
				3011AB6117E52D1E00B45374 /* Debug */,
				3011AB6217E52D1E00B45374 /* Release */,
			);
			defaultConfigurationIsVisible = 0;
			defaultConfigurationName = Release;
		};
		3011AB6317E52D1E00B45374 /* Build configuration list for PBXNativeTarget "Netwars" */ = {
			isa = XCConfigurationList;
			buildConfigurations = (
				3011AB6417E52D1E00B45374 /* Debug */,
				3011AB6517E52D1E00B45374 /* Release */,
			);
			defaultConfigurationIsVisible = 0;
			defaultConfigurationName = Release;
		};
		3011AB6617E52D1E00B45374 /* Build configuration list for PBXNativeTarget "NetwarsTests" */ = {
			isa = XCConfigurationList;
			buildConfigurations = (
				3011AB6717E52D1E00B45374 /* Debug */,
				3011AB6817E52D1E00B45374 /* Release */,
			);
			defaultConfigurationIsVisible = 0;
			defaultConfigurationName = Release;
		};
/* End XCConfigurationList section */
	};
	rootObject = 3011AB2917E52D1E00B45374 /* Project object */;
}
